
Microsoft Visual Studio Solution File, Format Version 12.00
# Visual Studio Version 17
VisualStudioVersion = 17.0.31825.309
MinimumVisualStudioVersion = 10.0.40219.1
Project("{9A19103F-16F7-4668-BE54-9A1E7A4F7556}") = "SadConsole", "SadConsole\SadConsole.csproj", "{47532D92-BB78-493A-A693-CC3687F609F6}"
EndProject
Project("{2150E333-8FDC-42A3-9474-1A3956D46DE8}") = "Samples", "Samples", "{E0F64D5F-67B3-4882-9F49-FB71BCF91325}"
EndProject
Project("{2150E333-8FDC-42A3-9474-1A3956D46DE8}") = "Hosts", "Hosts", "{C08D04C0-B57A-448B-A312-2A9A8E3CA435}"
EndProject
Project("{9A19103F-16F7-4668-BE54-9A1E7A4F7556}") = "SadConsole.Host.MonoGame", "SadConsole.Host.MonoGame\SadConsole.Host.MonoGame.csproj", "{F02A2B3B-706E-4277-9CE2-B47733CCB22F}"
EndProject
Project("{9A19103F-16F7-4668-BE54-9A1E7A4F7556}") = "SadConsole.Host.SFML", "SadConsole.Host.SFML\SadConsole.Host.SFML.csproj", "{B1DE0B37-435D-453C-BBC9-7ACE7E514E7F}"
EndProject
Project("{2150E333-8FDC-42A3-9474-1A3956D46DE8}") = "Tests", "Tests", "{74E9C40F-4F2F-42DB-9734-803A7653D876}"
EndProject
Project("{9A19103F-16F7-4668-BE54-9A1E7A4F7556}") = "SadConsole.Tests", "Tests\SadConsole.Tests\SadConsole.Tests.csproj", "{2793C173-F5EB-4CC8-86BE-A8A84BDC3893}"
EndProject
Project("{9A19103F-16F7-4668-BE54-9A1E7A4F7556}") = "ZZTGame", "Samples\Game\ZZTGame.csproj", "{EBCFC071-76C0-4A7A-933E-822C8E133CD0}"
EndProject
Project("{9A19103F-16F7-4668-BE54-9A1E7A4F7556}") = "BasicInterpreter", "Samples\BasicInterpreter\BasicInterpreter.csproj", "{D413FA92-01C8-412B-8AF0-416423582EC3}"
EndProject
Project("{2150E333-8FDC-42A3-9474-1A3956D46DE8}") = "_Solution Files", "_Solution Files", "{897D0FB7-4163-4C23-A938-31C06F8E84FF}"
	ProjectSection(SolutionItems) = preProject
		.editorconfig = .editorconfig
		changelog.md = changelog.md
		MigrationNotes.md = MigrationNotes.md
		README.md = README.md
	EndProjectSection
EndProject
Project("{9A19103F-16F7-4668-BE54-9A1E7A4F7556}") = "ThemeEditor", "Samples\ThemeEditor\ThemeEditor.csproj", "{7A961499-F7E8-4291-A906-AC1CC520EE03}"
EndProject
Project("{9A19103F-16F7-4668-BE54-9A1E7A4F7556}") = "SadConsole.Extended", "SadConsole.Extended\SadConsole.Extended.csproj", "{33F13C14-A4E4-467A-BBBC-14A0F7408E77}"
EndProject
Project("{9A19103F-16F7-4668-BE54-9A1E7A4F7556}") = "SadConsole.Debug.MonoGame", "SadConsole.Debug.MonoGame\SadConsole.Debug.MonoGame.csproj", "{3D40BD49-A118-4655-8452-8CFAE677847A}"
EndProject
Project("{9A19103F-16F7-4668-BE54-9A1E7A4F7556}") = "SadConsole.PerformanceTests", "PerformanceTests\SadConsole.PerformanceTests\SadConsole.PerformanceTests.csproj", "{234F04EC-2DB9-4212-B839-1B06D9EF2822}"
EndProject
Project("{9A19103F-16F7-4668-BE54-9A1E7A4F7556}") = "WPFSadConsole", "Samples\WPFSadConsole\WPFSadConsole.csproj", "{28C36CBC-C9CF-4DBE-9486-7E047D4B51A0}"
EndProject
Project("{2150E333-8FDC-42A3-9474-1A3956D46DE8}") = "Debug UI", "Debug UI", "{FCE56F64-3D2E-4E11-A5C2-55B2A7EC6B23}"
EndProject
Project("{9A19103F-16F7-4668-BE54-9A1E7A4F7556}") = "Examples", "templates\template_code\SadConsole.Examples.Demo.CSharp\Examples.csproj", "{80088519-A827-473C-A643-E77493A27C09}"
EndProject
Project("{D954291E-2A0B-460D-934E-DC6B0785DB48}") = "SadConsole.Host.Shared", "SadConsole.Host.Shared\SadConsole.Host.Shared.shproj", "{595434C5-2192-495B-903C-7922D7E8B149}"
EndProject
Project("{9A19103F-16F7-4668-BE54-9A1E7A4F7556}") = "SadConsole.Host.FNA", "SadConsole.Host.FNA\SadConsole.Host.FNA.csproj", "{8989332D-847B-4A86-8E54-2D97291541C4}"
EndProject
Project("{9A19103F-16F7-4668-BE54-9A1E7A4F7556}") = "Demo", "Samples\Demo\Demo.csproj", "{DCA1D25E-2FFA-4904-AB66-36015C2E9817}"
EndProject
Project("{9A19103F-16F7-4668-BE54-9A1E7A4F7556}") = "SadConsole.Host.MonoGameWPF", "SadConsole.Host.MonoGameWPF\SadConsole.Host.MonoGameWPF.csproj", "{7A784A5A-F311-4180-B1C7-DF3A950ED0CF}"
EndProject
Project("{2150E333-8FDC-42A3-9474-1A3956D46DE8}") = "MSBuild", "MSBuild", "{EFF675F4-080A-406C-9FBC-F0FC0E05B94E}"
	ProjectSection(SolutionItems) = preProject
		MSBuild\Common.props = MSBuild\Common.props
	EndProjectSection
EndProject
Project("{9A19103F-16F7-4668-BE54-9A1E7A4F7556}") = "MonoGameFirst", "Samples\MonoGameFirst\MonoGameFirst.csproj", "{F7FF382F-BE4F-4233-BF02-0BBB4DB9AB00}"
EndProject
Project("{9A19103F-16F7-4668-BE54-9A1E7A4F7556}") = "SadConsole.Host.KNI", "SadConsole.Host.KNI\SadConsole.Host.KNI.csproj", "{2199AF01-8155-461B-B5F8-B05E60455500}"
EndProject
Global
	GlobalSection(SolutionConfigurationPlatforms) = preSolution
		Debug|Any CPU = Debug|Any CPU
		Debug|x64 = Debug|x64
		Release|Any CPU = Release|Any CPU
		Release|x64 = Release|x64
	EndGlobalSection
	GlobalSection(ProjectConfigurationPlatforms) = postSolution
		{47532D92-BB78-493A-A693-CC3687F609F6}.Debug|Any CPU.ActiveCfg = Debug|Any CPU
		{47532D92-BB78-493A-A693-CC3687F609F6}.Debug|Any CPU.Build.0 = Debug|Any CPU
		{47532D92-BB78-493A-A693-CC3687F609F6}.Debug|x64.ActiveCfg = Debug|Any CPU
		{47532D92-BB78-493A-A693-CC3687F609F6}.Debug|x64.Build.0 = Debug|Any CPU
		{47532D92-BB78-493A-A693-CC3687F609F6}.Release|Any CPU.ActiveCfg = Release|Any CPU
		{47532D92-BB78-493A-A693-CC3687F609F6}.Release|Any CPU.Build.0 = Release|Any CPU
		{47532D92-BB78-493A-A693-CC3687F609F6}.Release|x64.ActiveCfg = Release|Any CPU
		{47532D92-BB78-493A-A693-CC3687F609F6}.Release|x64.Build.0 = Release|Any CPU
		{F02A2B3B-706E-4277-9CE2-B47733CCB22F}.Debug|Any CPU.ActiveCfg = Debug|Any CPU
		{F02A2B3B-706E-4277-9CE2-B47733CCB22F}.Debug|Any CPU.Build.0 = Debug|Any CPU
		{F02A2B3B-706E-4277-9CE2-B47733CCB22F}.Debug|x64.ActiveCfg = Debug|Any CPU
		{F02A2B3B-706E-4277-9CE2-B47733CCB22F}.Debug|x64.Build.0 = Debug|Any CPU
		{F02A2B3B-706E-4277-9CE2-B47733CCB22F}.Release|Any CPU.ActiveCfg = Release|Any CPU
		{F02A2B3B-706E-4277-9CE2-B47733CCB22F}.Release|Any CPU.Build.0 = Release|Any CPU
		{F02A2B3B-706E-4277-9CE2-B47733CCB22F}.Release|x64.ActiveCfg = Release|Any CPU
		{F02A2B3B-706E-4277-9CE2-B47733CCB22F}.Release|x64.Build.0 = Release|Any CPU
		{B1DE0B37-435D-453C-BBC9-7ACE7E514E7F}.Debug|Any CPU.ActiveCfg = Debug|Any CPU
		{B1DE0B37-435D-453C-BBC9-7ACE7E514E7F}.Debug|Any CPU.Build.0 = Debug|Any CPU
		{B1DE0B37-435D-453C-BBC9-7ACE7E514E7F}.Debug|x64.ActiveCfg = Debug|Any CPU
		{B1DE0B37-435D-453C-BBC9-7ACE7E514E7F}.Debug|x64.Build.0 = Debug|Any CPU
		{B1DE0B37-435D-453C-BBC9-7ACE7E514E7F}.Release|Any CPU.ActiveCfg = Release|Any CPU
		{B1DE0B37-435D-453C-BBC9-7ACE7E514E7F}.Release|Any CPU.Build.0 = Release|Any CPU
		{B1DE0B37-435D-453C-BBC9-7ACE7E514E7F}.Release|x64.ActiveCfg = Release|Any CPU
		{B1DE0B37-435D-453C-BBC9-7ACE7E514E7F}.Release|x64.Build.0 = Release|Any CPU
		{2793C173-F5EB-4CC8-86BE-A8A84BDC3893}.Debug|Any CPU.ActiveCfg = Debug|Any CPU
		{2793C173-F5EB-4CC8-86BE-A8A84BDC3893}.Debug|Any CPU.Build.0 = Debug|Any CPU
		{2793C173-F5EB-4CC8-86BE-A8A84BDC3893}.Debug|x64.ActiveCfg = Debug|Any CPU
		{2793C173-F5EB-4CC8-86BE-A8A84BDC3893}.Debug|x64.Build.0 = Debug|Any CPU
		{2793C173-F5EB-4CC8-86BE-A8A84BDC3893}.Release|Any CPU.ActiveCfg = Release|Any CPU
		{2793C173-F5EB-4CC8-86BE-A8A84BDC3893}.Release|Any CPU.Build.0 = Release|Any CPU
		{2793C173-F5EB-4CC8-86BE-A8A84BDC3893}.Release|x64.ActiveCfg = Release|Any CPU
		{2793C173-F5EB-4CC8-86BE-A8A84BDC3893}.Release|x64.Build.0 = Release|Any CPU
		{EBCFC071-76C0-4A7A-933E-822C8E133CD0}.Debug|Any CPU.ActiveCfg = Debug|Any CPU
		{EBCFC071-76C0-4A7A-933E-822C8E133CD0}.Debug|Any CPU.Build.0 = Debug|Any CPU
		{EBCFC071-76C0-4A7A-933E-822C8E133CD0}.Debug|x64.ActiveCfg = Debug|Any CPU
		{EBCFC071-76C0-4A7A-933E-822C8E133CD0}.Debug|x64.Build.0 = Debug|Any CPU
		{EBCFC071-76C0-4A7A-933E-822C8E133CD0}.Release|Any CPU.ActiveCfg = Release|Any CPU
		{EBCFC071-76C0-4A7A-933E-822C8E133CD0}.Release|Any CPU.Build.0 = Release|Any CPU
		{EBCFC071-76C0-4A7A-933E-822C8E133CD0}.Release|x64.ActiveCfg = Release|Any CPU
		{EBCFC071-76C0-4A7A-933E-822C8E133CD0}.Release|x64.Build.0 = Release|Any CPU
		{D413FA92-01C8-412B-8AF0-416423582EC3}.Debug|Any CPU.ActiveCfg = Debug|Any CPU
		{D413FA92-01C8-412B-8AF0-416423582EC3}.Debug|Any CPU.Build.0 = Debug|Any CPU
		{D413FA92-01C8-412B-8AF0-416423582EC3}.Debug|x64.ActiveCfg = Debug|Any CPU
		{D413FA92-01C8-412B-8AF0-416423582EC3}.Debug|x64.Build.0 = Debug|Any CPU
		{D413FA92-01C8-412B-8AF0-416423582EC3}.Release|Any CPU.ActiveCfg = Release|Any CPU
		{D413FA92-01C8-412B-8AF0-416423582EC3}.Release|Any CPU.Build.0 = Release|Any CPU
		{D413FA92-01C8-412B-8AF0-416423582EC3}.Release|x64.ActiveCfg = Release|Any CPU
		{D413FA92-01C8-412B-8AF0-416423582EC3}.Release|x64.Build.0 = Release|Any CPU
		{7A961499-F7E8-4291-A906-AC1CC520EE03}.Debug|Any CPU.ActiveCfg = Debug|Any CPU
		{7A961499-F7E8-4291-A906-AC1CC520EE03}.Debug|Any CPU.Build.0 = Debug|Any CPU
		{7A961499-F7E8-4291-A906-AC1CC520EE03}.Debug|x64.ActiveCfg = Debug|Any CPU
		{7A961499-F7E8-4291-A906-AC1CC520EE03}.Debug|x64.Build.0 = Debug|Any CPU
		{7A961499-F7E8-4291-A906-AC1CC520EE03}.Release|Any CPU.ActiveCfg = Release|Any CPU
		{7A961499-F7E8-4291-A906-AC1CC520EE03}.Release|Any CPU.Build.0 = Release|Any CPU
		{7A961499-F7E8-4291-A906-AC1CC520EE03}.Release|x64.ActiveCfg = Release|Any CPU
		{7A961499-F7E8-4291-A906-AC1CC520EE03}.Release|x64.Build.0 = Release|Any CPU
		{33F13C14-A4E4-467A-BBBC-14A0F7408E77}.Debug|Any CPU.ActiveCfg = Debug|Any CPU
		{33F13C14-A4E4-467A-BBBC-14A0F7408E77}.Debug|Any CPU.Build.0 = Debug|Any CPU
		{33F13C14-A4E4-467A-BBBC-14A0F7408E77}.Debug|x64.ActiveCfg = Debug|Any CPU
		{33F13C14-A4E4-467A-BBBC-14A0F7408E77}.Debug|x64.Build.0 = Debug|Any CPU
		{33F13C14-A4E4-467A-BBBC-14A0F7408E77}.Release|Any CPU.ActiveCfg = Release|Any CPU
		{33F13C14-A4E4-467A-BBBC-14A0F7408E77}.Release|Any CPU.Build.0 = Release|Any CPU
		{33F13C14-A4E4-467A-BBBC-14A0F7408E77}.Release|x64.ActiveCfg = Release|Any CPU
		{33F13C14-A4E4-467A-BBBC-14A0F7408E77}.Release|x64.Build.0 = Release|Any CPU
		{3D40BD49-A118-4655-8452-8CFAE677847A}.Debug|Any CPU.ActiveCfg = Debug|Any CPU
		{3D40BD49-A118-4655-8452-8CFAE677847A}.Debug|Any CPU.Build.0 = Debug|Any CPU
		{3D40BD49-A118-4655-8452-8CFAE677847A}.Debug|x64.ActiveCfg = Debug|Any CPU
		{3D40BD49-A118-4655-8452-8CFAE677847A}.Debug|x64.Build.0 = Debug|Any CPU
		{3D40BD49-A118-4655-8452-8CFAE677847A}.Release|Any CPU.ActiveCfg = Release|Any CPU
		{3D40BD49-A118-4655-8452-8CFAE677847A}.Release|Any CPU.Build.0 = Release|Any CPU
		{3D40BD49-A118-4655-8452-8CFAE677847A}.Release|x64.ActiveCfg = Release|Any CPU
		{3D40BD49-A118-4655-8452-8CFAE677847A}.Release|x64.Build.0 = Release|Any CPU
		{234F04EC-2DB9-4212-B839-1B06D9EF2822}.Debug|Any CPU.ActiveCfg = Debug|Any CPU
		{234F04EC-2DB9-4212-B839-1B06D9EF2822}.Debug|Any CPU.Build.0 = Debug|Any CPU
		{234F04EC-2DB9-4212-B839-1B06D9EF2822}.Debug|x64.ActiveCfg = Debug|Any CPU
		{234F04EC-2DB9-4212-B839-1B06D9EF2822}.Debug|x64.Build.0 = Debug|Any CPU
		{234F04EC-2DB9-4212-B839-1B06D9EF2822}.Release|Any CPU.ActiveCfg = Release|Any CPU
		{234F04EC-2DB9-4212-B839-1B06D9EF2822}.Release|Any CPU.Build.0 = Release|Any CPU
		{234F04EC-2DB9-4212-B839-1B06D9EF2822}.Release|x64.ActiveCfg = Release|Any CPU
		{234F04EC-2DB9-4212-B839-1B06D9EF2822}.Release|x64.Build.0 = Release|Any CPU
		{28C36CBC-C9CF-4DBE-9486-7E047D4B51A0}.Debug|Any CPU.ActiveCfg = Debug|Any CPU
		{28C36CBC-C9CF-4DBE-9486-7E047D4B51A0}.Debug|Any CPU.Build.0 = Debug|Any CPU
		{28C36CBC-C9CF-4DBE-9486-7E047D4B51A0}.Debug|x64.ActiveCfg = Debug|Any CPU
		{28C36CBC-C9CF-4DBE-9486-7E047D4B51A0}.Debug|x64.Build.0 = Debug|Any CPU
		{28C36CBC-C9CF-4DBE-9486-7E047D4B51A0}.Release|Any CPU.ActiveCfg = Release|Any CPU
		{28C36CBC-C9CF-4DBE-9486-7E047D4B51A0}.Release|Any CPU.Build.0 = Release|Any CPU
		{28C36CBC-C9CF-4DBE-9486-7E047D4B51A0}.Release|x64.ActiveCfg = Release|Any CPU
		{28C36CBC-C9CF-4DBE-9486-7E047D4B51A0}.Release|x64.Build.0 = Release|Any CPU
		{80088519-A827-473C-A643-E77493A27C09}.Debug|Any CPU.ActiveCfg = Debug|Any CPU
		{80088519-A827-473C-A643-E77493A27C09}.Debug|Any CPU.Build.0 = Debug|Any CPU
		{80088519-A827-473C-A643-E77493A27C09}.Debug|x64.ActiveCfg = Debug|Any CPU
		{80088519-A827-473C-A643-E77493A27C09}.Debug|x64.Build.0 = Debug|Any CPU
		{80088519-A827-473C-A643-E77493A27C09}.Release|Any CPU.ActiveCfg = Release|Any CPU
		{80088519-A827-473C-A643-E77493A27C09}.Release|Any CPU.Build.0 = Release|Any CPU
		{80088519-A827-473C-A643-E77493A27C09}.Release|x64.ActiveCfg = Release|Any CPU
		{80088519-A827-473C-A643-E77493A27C09}.Release|x64.Build.0 = Release|Any CPU
		{8989332D-847B-4A86-8E54-2D97291541C4}.Debug|Any CPU.ActiveCfg = Debug|Any CPU
		{8989332D-847B-4A86-8E54-2D97291541C4}.Debug|Any CPU.Build.0 = Debug|Any CPU
		{8989332D-847B-4A86-8E54-2D97291541C4}.Debug|x64.ActiveCfg = Debug|x64
		{8989332D-847B-4A86-8E54-2D97291541C4}.Debug|x64.Build.0 = Debug|x64
		{8989332D-847B-4A86-8E54-2D97291541C4}.Release|Any CPU.ActiveCfg = Release|Any CPU
		{8989332D-847B-4A86-8E54-2D97291541C4}.Release|Any CPU.Build.0 = Release|Any CPU
		{8989332D-847B-4A86-8E54-2D97291541C4}.Release|x64.ActiveCfg = Release|x64
		{8989332D-847B-4A86-8E54-2D97291541C4}.Release|x64.Build.0 = Release|x64
		{DCA1D25E-2FFA-4904-AB66-36015C2E9817}.Debug|Any CPU.ActiveCfg = Debug|Any CPU
		{DCA1D25E-2FFA-4904-AB66-36015C2E9817}.Debug|Any CPU.Build.0 = Debug|Any CPU
		{DCA1D25E-2FFA-4904-AB66-36015C2E9817}.Debug|x64.ActiveCfg = Debug|Any CPU
		{DCA1D25E-2FFA-4904-AB66-36015C2E9817}.Debug|x64.Build.0 = Debug|Any CPU
		{DCA1D25E-2FFA-4904-AB66-36015C2E9817}.Release|Any CPU.ActiveCfg = Release|Any CPU
		{DCA1D25E-2FFA-4904-AB66-36015C2E9817}.Release|Any CPU.Build.0 = Release|Any CPU
		{DCA1D25E-2FFA-4904-AB66-36015C2E9817}.Release|x64.ActiveCfg = Release|Any CPU
		{DCA1D25E-2FFA-4904-AB66-36015C2E9817}.Release|x64.Build.0 = Release|Any CPU
		{7A784A5A-F311-4180-B1C7-DF3A950ED0CF}.Debug|Any CPU.ActiveCfg = Debug|Any CPU
		{7A784A5A-F311-4180-B1C7-DF3A950ED0CF}.Debug|Any CPU.Build.0 = Debug|Any CPU
		{7A784A5A-F311-4180-B1C7-DF3A950ED0CF}.Debug|x64.ActiveCfg = Debug|Any CPU
		{7A784A5A-F311-4180-B1C7-DF3A950ED0CF}.Debug|x64.Build.0 = Debug|Any CPU
		{7A784A5A-F311-4180-B1C7-DF3A950ED0CF}.Release|Any CPU.ActiveCfg = Release|Any CPU
		{7A784A5A-F311-4180-B1C7-DF3A950ED0CF}.Release|Any CPU.Build.0 = Release|Any CPU
		{7A784A5A-F311-4180-B1C7-DF3A950ED0CF}.Release|x64.ActiveCfg = Release|Any CPU
		{7A784A5A-F311-4180-B1C7-DF3A950ED0CF}.Release|x64.Build.0 = Release|Any CPU
		{F7FF382F-BE4F-4233-BF02-0BBB4DB9AB00}.Debug|Any CPU.ActiveCfg = Debug|Any CPU
		{F7FF382F-BE4F-4233-BF02-0BBB4DB9AB00}.Debug|Any CPU.Build.0 = Debug|Any CPU
		{F7FF382F-BE4F-4233-BF02-0BBB4DB9AB00}.Debug|x64.ActiveCfg = Debug|Any CPU
		{F7FF382F-BE4F-4233-BF02-0BBB4DB9AB00}.Debug|x64.Build.0 = Debug|Any CPU
		{F7FF382F-BE4F-4233-BF02-0BBB4DB9AB00}.Release|Any CPU.ActiveCfg = Release|Any CPU
		{F7FF382F-BE4F-4233-BF02-0BBB4DB9AB00}.Release|Any CPU.Build.0 = Release|Any CPU
		{F7FF382F-BE4F-4233-BF02-0BBB4DB9AB00}.Release|x64.ActiveCfg = Release|Any CPU
		{F7FF382F-BE4F-4233-BF02-0BBB4DB9AB00}.Release|x64.Build.0 = Release|Any CPU
		{2199AF01-8155-461B-B5F8-B05E60455500}.Debug|Any CPU.ActiveCfg = Debug|Any CPU
		{2199AF01-8155-461B-B5F8-B05E60455500}.Debug|Any CPU.Build.0 = Debug|Any CPU
		{2199AF01-8155-461B-B5F8-B05E60455500}.Debug|x64.ActiveCfg = Debug|Any CPU
		{2199AF01-8155-461B-B5F8-B05E60455500}.Debug|x64.Build.0 = Debug|Any CPU
		{2199AF01-8155-461B-B5F8-B05E60455500}.Release|Any CPU.ActiveCfg = Release|Any CPU
		{2199AF01-8155-461B-B5F8-B05E60455500}.Release|Any CPU.Build.0 = Release|Any CPU
		{2199AF01-8155-461B-B5F8-B05E60455500}.Release|x64.ActiveCfg = Release|Any CPU
		{2199AF01-8155-461B-B5F8-B05E60455500}.Release|x64.Build.0 = Release|Any CPU
	EndGlobalSection
	GlobalSection(SolutionProperties) = preSolution
		HideSolutionNode = FALSE
	EndGlobalSection
	GlobalSection(NestedProjects) = preSolution
		{F02A2B3B-706E-4277-9CE2-B47733CCB22F} = {C08D04C0-B57A-448B-A312-2A9A8E3CA435}
		{B1DE0B37-435D-453C-BBC9-7ACE7E514E7F} = {C08D04C0-B57A-448B-A312-2A9A8E3CA435}
		{2793C173-F5EB-4CC8-86BE-A8A84BDC3893} = {74E9C40F-4F2F-42DB-9734-803A7653D876}
		{EBCFC071-76C0-4A7A-933E-822C8E133CD0} = {E0F64D5F-67B3-4882-9F49-FB71BCF91325}
		{D413FA92-01C8-412B-8AF0-416423582EC3} = {E0F64D5F-67B3-4882-9F49-FB71BCF91325}
		{7A961499-F7E8-4291-A906-AC1CC520EE03} = {E0F64D5F-67B3-4882-9F49-FB71BCF91325}
		{3D40BD49-A118-4655-8452-8CFAE677847A} = {FCE56F64-3D2E-4E11-A5C2-55B2A7EC6B23}
		{234F04EC-2DB9-4212-B839-1B06D9EF2822} = {74E9C40F-4F2F-42DB-9734-803A7653D876}
		{28C36CBC-C9CF-4DBE-9486-7E047D4B51A0} = {E0F64D5F-67B3-4882-9F49-FB71BCF91325}
		{80088519-A827-473C-A643-E77493A27C09} = {E0F64D5F-67B3-4882-9F49-FB71BCF91325}
		{595434C5-2192-495B-903C-7922D7E8B149} = {C08D04C0-B57A-448B-A312-2A9A8E3CA435}
		{8989332D-847B-4A86-8E54-2D97291541C4} = {C08D04C0-B57A-448B-A312-2A9A8E3CA435}
		{DCA1D25E-2FFA-4904-AB66-36015C2E9817} = {E0F64D5F-67B3-4882-9F49-FB71BCF91325}
		{7A784A5A-F311-4180-B1C7-DF3A950ED0CF} = {C08D04C0-B57A-448B-A312-2A9A8E3CA435}
		{EFF675F4-080A-406C-9FBC-F0FC0E05B94E} = {897D0FB7-4163-4C23-A938-31C06F8E84FF}
		{F7FF382F-BE4F-4233-BF02-0BBB4DB9AB00} = {E0F64D5F-67B3-4882-9F49-FB71BCF91325}
		{2199AF01-8155-461B-B5F8-B05E60455500} = {C08D04C0-B57A-448B-A312-2A9A8E3CA435}
	EndGlobalSection
	GlobalSection(ExtensibilityGlobals) = postSolution
		SolutionGuid = {55A32531-B44C-4843-9FC5-052AAE7525A3}
	EndGlobalSection
	GlobalSection(SharedMSBuildProjectFiles) = preSolution
		SadConsole.Host.Shared\SadConsole.Host.Shared.projitems*{2199af01-8155-461b-b5f8-b05e60455500}*SharedItemsImports = 5
		SadConsole.Host.Shared\SadConsole.Host.Shared.projitems*{595434c5-2192-495b-903c-7922d7e8b149}*SharedItemsImports = 13
		SadConsole.Host.Shared\SadConsole.Host.Shared.projitems*{7a784a5a-f311-4180-b1c7-df3a950ed0cf}*SharedItemsImports = 5
		SadConsole.Host.Shared\SadConsole.Host.Shared.projitems*{8989332d-847b-4a86-8e54-2d97291541c4}*SharedItemsImports = 5
		SadConsole.Host.Shared\SadConsole.Host.Shared.projitems*{b1de0b37-435d-453c-bbc9-7ace7e514e7f}*SharedItemsImports = 5
		SadConsole.Host.Shared\SadConsole.Host.Shared.projitems*{f02a2b3b-706e-4277-9ce2-b47733ccb22f}*SharedItemsImports = 5
	EndGlobalSection
EndGlobal
