
Microsoft Visual Studio Solution File, Format Version 12.00
# Visual Studio 15
VisualStudioVersion = 15.0.28307.168
MinimumVisualStudioVersion = 10.0.40219.1
Project("{9A19103F-16F7-4668-BE54-9A1E7A4F7556}") = "SadConsole", "src\SadConsole.Shared\SadConsole.csproj", "{6122F13B-3A88-4B35-8773-BBC306E7A3AE}"
EndProject
Project("{9A19103F-16F7-4668-BE54-9A1E7A4F7556}") = "DemoProjectCoreApp", "src\DemoProject\SharedCode\DemoProjectCoreApp.csproj", "{C347915E-7AED-41A6-85F2-15338013907B}"
EndProject
Global
	GlobalSection(SolutionConfigurationPlatforms) = preSolution
		Debug|Any CPU = Debug|Any CPU
		Release|Any CPU = Release|Any CPU
	EndGlobalSection
	GlobalSection(ProjectConfigurationPlatforms) = postSolution
		{6122F13B-3A88-4B35-8773-BBC306E7A3AE}.Debug|Any CPU.ActiveCfg = Debug|Any CPU
		{6122F13B-3A88-4B35-8773-BBC306E7A3AE}.Debug|Any CPU.Build.0 = Debug|Any CPU
		{6122F13B-3A88-4B35-8773-BBC306E7A3AE}.Release|Any CPU.ActiveCfg = Release|Any CPU
		{6122F13B-3A88-4B35-8773-BBC306E7A3AE}.Release|Any CPU.Build.0 = Release|Any CPU
		{C347915E-7AED-41A6-85F2-15338013907B}.Debug|Any CPU.ActiveCfg = Debug|Any CPU
		{C347915E-7AED-41A6-85F2-15338013907B}.Debug|Any CPU.Build.0 = Debug|Any CPU
		{C347915E-7AED-41A6-85F2-15338013907B}.Release|Any CPU.ActiveCfg = Release|Any CPU
		{C347915E-7AED-41A6-85F2-15338013907B}.Release|Any CPU.Build.0 = Release|Any CPU
	EndGlobalSection
	GlobalSection(SolutionProperties) = preSolution
		HideSolutionNode = FALSE
	EndGlobalSection
	GlobalSection(ExtensibilityGlobals) = postSolution
		SolutionGuid = {C4158CBE-B969-48CB-91F4-8BF34F5FC80B}
	EndGlobalSection
EndGlobal
