
Microsoft Visual Studio Solution File, Format Version 11.00
# Visual C# Express 2010
Project("{FAE04EC0-301F-11D3-BF4B-00C04F79EFBC}") = "SadConsole.Core.XNA", "SadConsole.Core.XNA.csproj", "{FBAA6E4D-42A6-447D-9747-2FB22A5065D3}"
EndProject
Project("{FAE04EC0-301F-11D3-BF4B-00C04F79EFBC}") = "SadConsole.Controls.XNA", "SadConsole8.Controls\SadConsole.Controls.XNA.csproj", "{FF6CF8B4-A698-43D0-9438-642DD51D61B7}"
EndProject
Project("{FAE04EC0-301F-11D3-BF4B-00C04F79EFBC}") = "SadConsole.Ansi.XNA", "SadConsole.Ansi\SadConsole.Ansi.XNA.csproj", "{2B3FD84A-662E-42D0-8AFE-05B5ABFF4F37}"
EndProject
Project("{FAE04EC0-301F-11D3-BF4B-00C04F79EFBC}") = "StarterProject.XNA", "StarterProject\StarterProject.XNA.csproj", "{775C9D02-D2B7-46F8-982F-37ABA792BC61}"
EndProject
Project("{FAE04EC0-301F-11D3-BF4B-00C04F79EFBC}") = "StarterProjectContent.XNA", "StarterProjectContentXNA\StarterProjectContent.XNA.contentproj", "{2288176F-EE17-44A3-BED7-04967EDB6CF5}"
EndProject
Global
	GlobalSection(SolutionConfigurationPlatforms) = preSolution
		Debug|x86 = Debug|x86
		Release|x86 = Release|x86
	EndGlobalSection
	GlobalSection(ProjectConfigurationPlatforms) = postSolution
		{FBAA6E4D-42A6-447D-9747-2FB22A5065D3}.Debug|x86.ActiveCfg = Debug|x86
		{FBAA6E4D-42A6-447D-9747-2FB22A5065D3}.Debug|x86.Build.0 = Debug|x86
		{FBAA6E4D-42A6-447D-9747-2FB22A5065D3}.Release|x86.ActiveCfg = Release|x86
		{FBAA6E4D-42A6-447D-9747-2FB22A5065D3}.Release|x86.Build.0 = Release|x86
		{FF6CF8B4-A698-43D0-9438-642DD51D61B7}.Debug|x86.ActiveCfg = Debug|x86
		{FF6CF8B4-A698-43D0-9438-642DD51D61B7}.Debug|x86.Build.0 = Debug|x86
		{FF6CF8B4-A698-43D0-9438-642DD51D61B7}.Release|x86.ActiveCfg = Release|x86
		{FF6CF8B4-A698-43D0-9438-642DD51D61B7}.Release|x86.Build.0 = Release|x86
		{2B3FD84A-662E-42D0-8AFE-05B5ABFF4F37}.Debug|x86.ActiveCfg = Debug|x86
		{2B3FD84A-662E-42D0-8AFE-05B5ABFF4F37}.Debug|x86.Build.0 = Debug|x86
		{2B3FD84A-662E-42D0-8AFE-05B5ABFF4F37}.Release|x86.ActiveCfg = Release|x86
		{2B3FD84A-662E-42D0-8AFE-05B5ABFF4F37}.Release|x86.Build.0 = Release|x86
		{775C9D02-D2B7-46F8-982F-37ABA792BC61}.Debug|x86.ActiveCfg = Debug|x86
		{775C9D02-D2B7-46F8-982F-37ABA792BC61}.Debug|x86.Build.0 = Debug|x86
		{775C9D02-D2B7-46F8-982F-37ABA792BC61}.Release|x86.ActiveCfg = Release|x86
		{775C9D02-D2B7-46F8-982F-37ABA792BC61}.Release|x86.Build.0 = Release|x86
		{2288176F-EE17-44A3-BED7-04967EDB6CF5}.Debug|x86.ActiveCfg = Debug|x86
		{2288176F-EE17-44A3-BED7-04967EDB6CF5}.Release|x86.ActiveCfg = Release|x86
	EndGlobalSection
	GlobalSection(SolutionProperties) = preSolution
		HideSolutionNode = FALSE
	EndGlobalSection
EndGlobal
