
Microsoft Visual Studio Solution File, Format Version 12.00
# Visual Studio 2013
VisualStudioVersion = 12.0.21005.1
MinimumVisualStudioVersion = 10.0.40219.1
Project("{FAE04EC0-301F-11D3-BF4B-00C04F79EFBC}") = "SadConsole.Core", "SadConsole.Core.csproj", "{95C182E9-410A-4F76-8777-D7FA95D63552}"
EndProject
Project("{FAE04EC0-301F-11D3-BF4B-00C04F79EFBC}") = "SadConsole.Controls", "SadConsole8.Controls\SadConsole.Controls.csproj", "{D14D10E3-7A9B-4ACF-AB40-9AD5911F9C83}"
EndProject
Project("{FAE04EC0-301F-11D3-BF4B-00C04F79EFBC}") = "SadConsole.Ansi", "SadConsole.Ansi\SadConsole.Ansi.csproj", "{91F344AC-9742-41BF-9EEE-1FAE9F22AD45}"
EndProject
Project("{FAE04EC0-301F-11D3-BF4B-00C04F79EFBC}") = "StarterProject", "StarterProject\StarterProject.csproj", "{74327CCC-4606-40B8-9587-60E55B1D6A80}"
EndProject
Global
	GlobalSection(SolutionConfigurationPlatforms) = preSolution
		Debug|Any CPU = Debug|Any CPU
		Release|Any CPU = Release|Any CPU
	EndGlobalSection
	GlobalSection(ProjectConfigurationPlatforms) = postSolution
		{95C182E9-410A-4F76-8777-D7FA95D63552}.Debug|Any CPU.ActiveCfg = Debug|Any CPU
		{95C182E9-410A-4F76-8777-D7FA95D63552}.Debug|Any CPU.Build.0 = Debug|Any CPU
		{95C182E9-410A-4F76-8777-D7FA95D63552}.Release|Any CPU.ActiveCfg = Release|Any CPU
		{95C182E9-410A-4F76-8777-D7FA95D63552}.Release|Any CPU.Build.0 = Release|Any CPU
		{D14D10E3-7A9B-4ACF-AB40-9AD5911F9C83}.Debug|Any CPU.ActiveCfg = Debug|Any CPU
		{D14D10E3-7A9B-4ACF-AB40-9AD5911F9C83}.Debug|Any CPU.Build.0 = Debug|Any CPU
		{D14D10E3-7A9B-4ACF-AB40-9AD5911F9C83}.Release|Any CPU.ActiveCfg = Release|Any CPU
		{D14D10E3-7A9B-4ACF-AB40-9AD5911F9C83}.Release|Any CPU.Build.0 = Release|Any CPU
		{91F344AC-9742-41BF-9EEE-1FAE9F22AD45}.Debug|Any CPU.ActiveCfg = Debug|Any CPU
		{91F344AC-9742-41BF-9EEE-1FAE9F22AD45}.Debug|Any CPU.Build.0 = Debug|Any CPU
		{91F344AC-9742-41BF-9EEE-1FAE9F22AD45}.Release|Any CPU.ActiveCfg = Release|Any CPU
		{91F344AC-9742-41BF-9EEE-1FAE9F22AD45}.Release|Any CPU.Build.0 = Release|Any CPU
		{74327CCC-4606-40B8-9587-60E55B1D6A80}.Debug|Any CPU.ActiveCfg = Debug|Any CPU
		{74327CCC-4606-40B8-9587-60E55B1D6A80}.Debug|Any CPU.Build.0 = Debug|Any CPU
		{74327CCC-4606-40B8-9587-60E55B1D6A80}.Release|Any CPU.ActiveCfg = Release|Any CPU
		{74327CCC-4606-40B8-9587-60E55B1D6A80}.Release|Any CPU.Build.0 = Release|Any CPU
	EndGlobalSection
	GlobalSection(SolutionProperties) = preSolution
		HideSolutionNode = FALSE
	EndGlobalSection
EndGlobal
