
Microsoft Visual Studio Solution File, Format Version 12.00
# Visual Studio 14
VisualStudioVersion = 14.0.25420.1
MinimumVisualStudioVersion = 10.0.40219.1
Project("{2150E333-8FDC-42A3-9474-1A3956D46DE8}") = "01_Libraries", "01_Libraries", "{4EACED7C-3BF4-488D-813F-7D481122A21C}"
EndProject
Project("{2150E333-8FDC-42A3-9474-1A3956D46DE8}") = "02_Platforms", "02_Platforms", "{CFB2D176-40FA-4D97-80ED-2C43B3552E68}"
EndProject
Project("{2150E333-8FDC-42A3-9474-1A3956D46DE8}") = "00_Misc", "00_Misc", "{6431B21D-D031-4E1F-99DC-8343B030A050}"
	ProjectSection(SolutionItems) = preProject
		.gitattributes = .gitattributes
		.gitignore = .gitignore
		ChangeLog.md = ChangeLog.md
		README.md = README.md
	EndProjectSection
EndProject
Project("{2150E333-8FDC-42A3-9474-1A3956D46DE8}") = "03_Examples", "03_Examples", "{8DE41EC4-BEFD-4837-B2B1-352A66ABDF75}"
EndProject
Project("{2150E333-8FDC-42A3-9474-1A3956D46DE8}") = "StarterProject", "StarterProject", "{B033AC07-53C2-4F0B-B6B1-812EB7D36CCC}"
EndProject
Project("{2150E333-8FDC-42A3-9474-1A3956D46DE8}") = "SadRogueSharp", "SadRogueSharp", "{DC197B17-EB75-437F-BFE2-10DD8F813B20}"
EndProject
Project("{FAE04EC0-301F-11D3-BF4B-00C04F79EFBC}") = "SadRogueSharp", "SampleGames\SadRogueSharp\SadRogueSharp.csproj", "{3B1C8085-CFD3-4C8F-8B32-891F4E921376}"
EndProject
Project("{D954291E-2A0B-460D-934E-DC6B0785DB48}") = "SadConsole.Ansi", "src\SadConsole.Ansi\SadConsole.Ansi.shproj", "{5FE599B4-4B47-46E7-931B-B01C2CAE40D4}"
EndProject
Project("{D954291E-2A0B-460D-934E-DC6B0785DB48}") = "SadConsole.Controls", "src\SadConsole.Controls\SadConsole.Controls.shproj", "{25C2DBD3-8AC1-4163-A29A-A7F756FA4A5F}"
EndProject
Project("{D954291E-2A0B-460D-934E-DC6B0785DB48}") = "SadConsole.GameHelpers", "src\SadConsole.GameHelpers\SadConsole.GameHelpers.shproj", "{00CC441C-44BB-4B15-BABD-6831B65C31D8}"
EndProject
Project("{D954291E-2A0B-460D-934E-DC6B0785DB48}") = "SadConsole.Core", "src\SadConsole.Core\SadConsole.Core.shproj", "{BDDF43CD-1BDE-472A-A3D9-A003A6BF14D9}"
EndProject
Project("{D954291E-2A0B-460D-934E-DC6B0785DB48}") = "StarterProject", "src\StarterProject\SharedCode\StarterProject.shproj", "{B41A356C-4BA6-40CC-AC03-0E5D46B0B981}"
EndProject
Project("{2150E333-8FDC-42A3-9474-1A3956D46DE8}") = "MonoGame GL", "MonoGame GL", "{8150FAB5-4934-4388-9973-621509DCEBFD}"
	ProjectSection(SolutionItems) = preProject
		src\Projects.MonoGameGL\SadConsole.Ansi\SadConsole.Ansi.OpenGL.nuspec = src\Projects.MonoGameGL\SadConsole.Ansi\SadConsole.Ansi.OpenGL.nuspec
		src\Projects.MonoGameGL\SadConsole.Controls\SadConsole.Controls.OpenGL.nuspec = src\Projects.MonoGameGL\SadConsole.Controls\SadConsole.Controls.OpenGL.nuspec
		src\Projects.MonoGameGL\SadConsole.Core\SadConsole.Core.OpenGL.nuspec = src\Projects.MonoGameGL\SadConsole.Core\SadConsole.Core.OpenGL.nuspec
		src\Projects.MonoGameGL\SadConsole.GameHelpers\SadConsole.GameHelpers.OpenGL.nuspec = src\Projects.MonoGameGL\SadConsole.GameHelpers\SadConsole.GameHelpers.OpenGL.nuspec
	EndProjectSection
EndProject
Project("{FAE04EC0-301F-11D3-BF4B-00C04F79EFBC}") = "SadConsole.Ansi.OpenGL", "src\Projects.MonoGameGL\SadConsole.Ansi\SadConsole.Ansi.OpenGL.csproj", "{D750ADD6-7736-479D-999B-8B1FAF9126BE}"
EndProject
Project("{FAE04EC0-301F-11D3-BF4B-00C04F79EFBC}") = "SadConsole.Controls.OpenGL", "src\Projects.MonoGameGL\SadConsole.Controls\SadConsole.Controls.OpenGL.csproj", "{64794B96-3346-498F-AFE1-CD36CAA97C9F}"
EndProject
Project("{FAE04EC0-301F-11D3-BF4B-00C04F79EFBC}") = "SadConsole.Core.OpenGL", "src\Projects.MonoGameGL\SadConsole.Core\SadConsole.Core.OpenGL.csproj", "{9F1BFE2A-5381-41FC-9363-BD757B9FA1CE}"
EndProject
Project("{FAE04EC0-301F-11D3-BF4B-00C04F79EFBC}") = "SadConsole.GameHelpers.OpenGL", "src\Projects.MonoGameGL\SadConsole.GameHelpers\SadConsole.GameHelpers.OpenGL.csproj", "{3D23009E-4892-4BEC-ABE4-B778D3968CF1}"
EndProject
Project("{FAE04EC0-301F-11D3-BF4B-00C04F79EFBC}") = "StarterProject.OpenGL", "src\StarterProject\MonoGameGL\StarterProject.OpenGL.csproj", "{D6129AE5-B519-4368-B080-805A73405EDA}"
EndProject
Global
	GlobalSection(SharedMSBuildProjectFiles) = preSolution
		src\SadConsole.GameHelpers\SadConsole.GameHelpers.projitems*{00cc441c-44bb-4b15-babd-6831b65c31d8}*SharedItemsImports = 13
		src\SadConsole.Controls\SadConsole.Controls.projitems*{25c2dbd3-8ac1-4163-a29a-a7f756fa4a5f}*SharedItemsImports = 13
		src\SadConsole.GameHelpers\SadConsole.GameHelpers.projitems*{3d23009e-4892-4bec-abe4-b778d3968cf1}*SharedItemsImports = 4
		src\SadConsole.Ansi\SadConsole.Ansi.projitems*{5fe599b4-4b47-46e7-931b-b01c2cae40d4}*SharedItemsImports = 13
		src\SadConsole.Controls\SadConsole.Controls.projitems*{64794b96-3346-498f-afe1-cd36caa97c9f}*SharedItemsImports = 4
		src\SadConsole.Core\SadConsole.Core.projitems*{9f1bfe2a-5381-41fc-9363-bd757b9fa1ce}*SharedItemsImports = 4
		src\StarterProject\SharedCode\StarterProject.projitems*{b41a356c-4ba6-40cc-ac03-0e5d46b0b981}*SharedItemsImports = 13
		src\SadConsole.Core\SadConsole.Core.projitems*{bddf43cd-1bde-472a-a3d9-a003a6bf14d9}*SharedItemsImports = 13
		src\StarterProject\SharedCode\StarterProject.projitems*{d6129ae5-b519-4368-b080-805a73405eda}*SharedItemsImports = 4
		src\SadConsole.Ansi\SadConsole.Ansi.projitems*{d750add6-7736-479d-999b-8b1faf9126be}*SharedItemsImports = 4
	EndGlobalSection
	GlobalSection(SolutionConfigurationPlatforms) = preSolution
		Debug|Any CPU = Debug|Any CPU
		Debug|Linux = Debug|Linux
		Debug|MacOS = Debug|MacOS
		Debug|Windows = Debug|Windows
		Debug|x64 = Debug|x64
		Debug|x86 = Debug|x86
		Release|Any CPU = Release|Any CPU
		Release|Linux = Release|Linux
		Release|MacOS = Release|MacOS
		Release|Windows = Release|Windows
		Release|x64 = Release|x64
		Release|x86 = Release|x86
		ReleaseBuild|Any CPU = ReleaseBuild|Any CPU
		ReleaseBuild|Linux = ReleaseBuild|Linux
		ReleaseBuild|MacOS = ReleaseBuild|MacOS
		ReleaseBuild|Windows = ReleaseBuild|Windows
		ReleaseBuild|x64 = ReleaseBuild|x64
		ReleaseBuild|x86 = ReleaseBuild|x86
	EndGlobalSection
	GlobalSection(ProjectConfigurationPlatforms) = postSolution
		{3B1C8085-CFD3-4C8F-8B32-891F4E921376}.Debug|Any CPU.ActiveCfg = Debug|Any CPU
		{3B1C8085-CFD3-4C8F-8B32-891F4E921376}.Debug|Any CPU.Build.0 = Debug|Any CPU
		{3B1C8085-CFD3-4C8F-8B32-891F4E921376}.Debug|Linux.ActiveCfg = Debug|Any CPU
		{3B1C8085-CFD3-4C8F-8B32-891F4E921376}.Debug|Linux.Build.0 = Debug|Any CPU
		{3B1C8085-CFD3-4C8F-8B32-891F4E921376}.Debug|MacOS.ActiveCfg = Debug|Any CPU
		{3B1C8085-CFD3-4C8F-8B32-891F4E921376}.Debug|MacOS.Build.0 = Debug|Any CPU
		{3B1C8085-CFD3-4C8F-8B32-891F4E921376}.Debug|Windows.ActiveCfg = Debug|Any CPU
		{3B1C8085-CFD3-4C8F-8B32-891F4E921376}.Debug|Windows.Build.0 = Debug|Any CPU
		{3B1C8085-CFD3-4C8F-8B32-891F4E921376}.Debug|x64.ActiveCfg = Debug|Any CPU
		{3B1C8085-CFD3-4C8F-8B32-891F4E921376}.Debug|x64.Build.0 = Debug|Any CPU
		{3B1C8085-CFD3-4C8F-8B32-891F4E921376}.Debug|x86.ActiveCfg = Debug|Any CPU
		{3B1C8085-CFD3-4C8F-8B32-891F4E921376}.Debug|x86.Build.0 = Debug|Any CPU
		{3B1C8085-CFD3-4C8F-8B32-891F4E921376}.Release|Any CPU.ActiveCfg = Release|Any CPU
		{3B1C8085-CFD3-4C8F-8B32-891F4E921376}.Release|Any CPU.Build.0 = Release|Any CPU
		{3B1C8085-CFD3-4C8F-8B32-891F4E921376}.Release|Linux.ActiveCfg = Release|Any CPU
		{3B1C8085-CFD3-4C8F-8B32-891F4E921376}.Release|Linux.Build.0 = Release|Any CPU
		{3B1C8085-CFD3-4C8F-8B32-891F4E921376}.Release|MacOS.ActiveCfg = Release|Any CPU
		{3B1C8085-CFD3-4C8F-8B32-891F4E921376}.Release|MacOS.Build.0 = Release|Any CPU
		{3B1C8085-CFD3-4C8F-8B32-891F4E921376}.Release|Windows.ActiveCfg = Release|Any CPU
		{3B1C8085-CFD3-4C8F-8B32-891F4E921376}.Release|Windows.Build.0 = Release|Any CPU
		{3B1C8085-CFD3-4C8F-8B32-891F4E921376}.Release|x64.ActiveCfg = Release|Any CPU
		{3B1C8085-CFD3-4C8F-8B32-891F4E921376}.Release|x64.Build.0 = Release|Any CPU
		{3B1C8085-CFD3-4C8F-8B32-891F4E921376}.Release|x86.ActiveCfg = Release|Any CPU
		{3B1C8085-CFD3-4C8F-8B32-891F4E921376}.Release|x86.Build.0 = Release|Any CPU
		{3B1C8085-CFD3-4C8F-8B32-891F4E921376}.ReleaseBuild|Any CPU.ActiveCfg = ReleaseBuild|Any CPU
		{3B1C8085-CFD3-4C8F-8B32-891F4E921376}.ReleaseBuild|Any CPU.Build.0 = ReleaseBuild|Any CPU
		{3B1C8085-CFD3-4C8F-8B32-891F4E921376}.ReleaseBuild|Linux.ActiveCfg = ReleaseBuild|Any CPU
		{3B1C8085-CFD3-4C8F-8B32-891F4E921376}.ReleaseBuild|Linux.Build.0 = ReleaseBuild|Any CPU
		{3B1C8085-CFD3-4C8F-8B32-891F4E921376}.ReleaseBuild|MacOS.ActiveCfg = ReleaseBuild|Any CPU
		{3B1C8085-CFD3-4C8F-8B32-891F4E921376}.ReleaseBuild|MacOS.Build.0 = ReleaseBuild|Any CPU
		{3B1C8085-CFD3-4C8F-8B32-891F4E921376}.ReleaseBuild|Windows.ActiveCfg = ReleaseBuild|Any CPU
		{3B1C8085-CFD3-4C8F-8B32-891F4E921376}.ReleaseBuild|Windows.Build.0 = ReleaseBuild|Any CPU
		{3B1C8085-CFD3-4C8F-8B32-891F4E921376}.ReleaseBuild|x64.ActiveCfg = ReleaseBuild|Any CPU
		{3B1C8085-CFD3-4C8F-8B32-891F4E921376}.ReleaseBuild|x64.Build.0 = ReleaseBuild|Any CPU
		{3B1C8085-CFD3-4C8F-8B32-891F4E921376}.ReleaseBuild|x86.ActiveCfg = ReleaseBuild|Any CPU
		{3B1C8085-CFD3-4C8F-8B32-891F4E921376}.ReleaseBuild|x86.Build.0 = ReleaseBuild|Any CPU
		{D750ADD6-7736-479D-999B-8B1FAF9126BE}.Debug|Any CPU.ActiveCfg = Debug|Any CPU
		{D750ADD6-7736-479D-999B-8B1FAF9126BE}.Debug|Any CPU.Build.0 = Debug|Any CPU
		{D750ADD6-7736-479D-999B-8B1FAF9126BE}.Debug|Linux.ActiveCfg = Debug|Any CPU
		{D750ADD6-7736-479D-999B-8B1FAF9126BE}.Debug|Linux.Build.0 = Debug|Any CPU
		{D750ADD6-7736-479D-999B-8B1FAF9126BE}.Debug|MacOS.ActiveCfg = Debug|Any CPU
		{D750ADD6-7736-479D-999B-8B1FAF9126BE}.Debug|MacOS.Build.0 = Debug|Any CPU
		{D750ADD6-7736-479D-999B-8B1FAF9126BE}.Debug|Windows.ActiveCfg = Debug|Any CPU
		{D750ADD6-7736-479D-999B-8B1FAF9126BE}.Debug|Windows.Build.0 = Debug|Any CPU
		{D750ADD6-7736-479D-999B-8B1FAF9126BE}.Debug|x64.ActiveCfg = Debug|Any CPU
		{D750ADD6-7736-479D-999B-8B1FAF9126BE}.Debug|x64.Build.0 = Debug|Any CPU
		{D750ADD6-7736-479D-999B-8B1FAF9126BE}.Debug|x86.ActiveCfg = Debug|Any CPU
		{D750ADD6-7736-479D-999B-8B1FAF9126BE}.Debug|x86.Build.0 = Debug|Any CPU
		{D750ADD6-7736-479D-999B-8B1FAF9126BE}.Release|Any CPU.ActiveCfg = Release|Any CPU
		{D750ADD6-7736-479D-999B-8B1FAF9126BE}.Release|Any CPU.Build.0 = Release|Any CPU
		{D750ADD6-7736-479D-999B-8B1FAF9126BE}.Release|Linux.ActiveCfg = Release|Any CPU
		{D750ADD6-7736-479D-999B-8B1FAF9126BE}.Release|Linux.Build.0 = Release|Any CPU
		{D750ADD6-7736-479D-999B-8B1FAF9126BE}.Release|MacOS.ActiveCfg = Release|Any CPU
		{D750ADD6-7736-479D-999B-8B1FAF9126BE}.Release|MacOS.Build.0 = Release|Any CPU
		{D750ADD6-7736-479D-999B-8B1FAF9126BE}.Release|Windows.ActiveCfg = Release|Any CPU
		{D750ADD6-7736-479D-999B-8B1FAF9126BE}.Release|Windows.Build.0 = Release|Any CPU
		{D750ADD6-7736-479D-999B-8B1FAF9126BE}.Release|x64.ActiveCfg = Release|Any CPU
		{D750ADD6-7736-479D-999B-8B1FAF9126BE}.Release|x64.Build.0 = Release|Any CPU
		{D750ADD6-7736-479D-999B-8B1FAF9126BE}.Release|x86.ActiveCfg = Release|Any CPU
		{D750ADD6-7736-479D-999B-8B1FAF9126BE}.Release|x86.Build.0 = Release|Any CPU
		{D750ADD6-7736-479D-999B-8B1FAF9126BE}.ReleaseBuild|Any CPU.ActiveCfg = ReleaseBuild|Any CPU
		{D750ADD6-7736-479D-999B-8B1FAF9126BE}.ReleaseBuild|Any CPU.Build.0 = ReleaseBuild|Any CPU
		{D750ADD6-7736-479D-999B-8B1FAF9126BE}.ReleaseBuild|Linux.ActiveCfg = ReleaseBuild|Any CPU
		{D750ADD6-7736-479D-999B-8B1FAF9126BE}.ReleaseBuild|Linux.Build.0 = ReleaseBuild|Any CPU
		{D750ADD6-7736-479D-999B-8B1FAF9126BE}.ReleaseBuild|MacOS.ActiveCfg = ReleaseBuild|Any CPU
		{D750ADD6-7736-479D-999B-8B1FAF9126BE}.ReleaseBuild|MacOS.Build.0 = ReleaseBuild|Any CPU
		{D750ADD6-7736-479D-999B-8B1FAF9126BE}.ReleaseBuild|Windows.ActiveCfg = ReleaseBuild|Any CPU
		{D750ADD6-7736-479D-999B-8B1FAF9126BE}.ReleaseBuild|Windows.Build.0 = ReleaseBuild|Any CPU
		{D750ADD6-7736-479D-999B-8B1FAF9126BE}.ReleaseBuild|x64.ActiveCfg = ReleaseBuild|Any CPU
		{D750ADD6-7736-479D-999B-8B1FAF9126BE}.ReleaseBuild|x64.Build.0 = ReleaseBuild|Any CPU
		{D750ADD6-7736-479D-999B-8B1FAF9126BE}.ReleaseBuild|x86.ActiveCfg = ReleaseBuild|Any CPU
		{D750ADD6-7736-479D-999B-8B1FAF9126BE}.ReleaseBuild|x86.Build.0 = ReleaseBuild|Any CPU
		{64794B96-3346-498F-AFE1-CD36CAA97C9F}.Debug|Any CPU.ActiveCfg = Debug|Any CPU
		{64794B96-3346-498F-AFE1-CD36CAA97C9F}.Debug|Any CPU.Build.0 = Debug|Any CPU
		{64794B96-3346-498F-AFE1-CD36CAA97C9F}.Debug|Linux.ActiveCfg = Debug|Any CPU
		{64794B96-3346-498F-AFE1-CD36CAA97C9F}.Debug|Linux.Build.0 = Debug|Any CPU
		{64794B96-3346-498F-AFE1-CD36CAA97C9F}.Debug|MacOS.ActiveCfg = Debug|Any CPU
		{64794B96-3346-498F-AFE1-CD36CAA97C9F}.Debug|MacOS.Build.0 = Debug|Any CPU
		{64794B96-3346-498F-AFE1-CD36CAA97C9F}.Debug|Windows.ActiveCfg = Debug|Any CPU
		{64794B96-3346-498F-AFE1-CD36CAA97C9F}.Debug|Windows.Build.0 = Debug|Any CPU
		{64794B96-3346-498F-AFE1-CD36CAA97C9F}.Debug|x64.ActiveCfg = Debug|Any CPU
		{64794B96-3346-498F-AFE1-CD36CAA97C9F}.Debug|x64.Build.0 = Debug|Any CPU
		{64794B96-3346-498F-AFE1-CD36CAA97C9F}.Debug|x86.ActiveCfg = Debug|Any CPU
		{64794B96-3346-498F-AFE1-CD36CAA97C9F}.Debug|x86.Build.0 = Debug|Any CPU
		{64794B96-3346-498F-AFE1-CD36CAA97C9F}.Release|Any CPU.ActiveCfg = Release|Any CPU
		{64794B96-3346-498F-AFE1-CD36CAA97C9F}.Release|Any CPU.Build.0 = Release|Any CPU
		{64794B96-3346-498F-AFE1-CD36CAA97C9F}.Release|Linux.ActiveCfg = Release|Any CPU
		{64794B96-3346-498F-AFE1-CD36CAA97C9F}.Release|Linux.Build.0 = Release|Any CPU
		{64794B96-3346-498F-AFE1-CD36CAA97C9F}.Release|MacOS.ActiveCfg = Release|Any CPU
		{64794B96-3346-498F-AFE1-CD36CAA97C9F}.Release|MacOS.Build.0 = Release|Any CPU
		{64794B96-3346-498F-AFE1-CD36CAA97C9F}.Release|Windows.ActiveCfg = Release|Any CPU
		{64794B96-3346-498F-AFE1-CD36CAA97C9F}.Release|Windows.Build.0 = Release|Any CPU
		{64794B96-3346-498F-AFE1-CD36CAA97C9F}.Release|x64.ActiveCfg = Release|Any CPU
		{64794B96-3346-498F-AFE1-CD36CAA97C9F}.Release|x64.Build.0 = Release|Any CPU
		{64794B96-3346-498F-AFE1-CD36CAA97C9F}.Release|x86.ActiveCfg = Release|Any CPU
		{64794B96-3346-498F-AFE1-CD36CAA97C9F}.Release|x86.Build.0 = Release|Any CPU
		{64794B96-3346-498F-AFE1-CD36CAA97C9F}.ReleaseBuild|Any CPU.ActiveCfg = ReleaseBuild|Any CPU
		{64794B96-3346-498F-AFE1-CD36CAA97C9F}.ReleaseBuild|Any CPU.Build.0 = ReleaseBuild|Any CPU
		{64794B96-3346-498F-AFE1-CD36CAA97C9F}.ReleaseBuild|Linux.ActiveCfg = ReleaseBuild|Any CPU
		{64794B96-3346-498F-AFE1-CD36CAA97C9F}.ReleaseBuild|Linux.Build.0 = ReleaseBuild|Any CPU
		{64794B96-3346-498F-AFE1-CD36CAA97C9F}.ReleaseBuild|MacOS.ActiveCfg = ReleaseBuild|Any CPU
		{64794B96-3346-498F-AFE1-CD36CAA97C9F}.ReleaseBuild|MacOS.Build.0 = ReleaseBuild|Any CPU
		{64794B96-3346-498F-AFE1-CD36CAA97C9F}.ReleaseBuild|Windows.ActiveCfg = ReleaseBuild|Any CPU
		{64794B96-3346-498F-AFE1-CD36CAA97C9F}.ReleaseBuild|Windows.Build.0 = ReleaseBuild|Any CPU
		{64794B96-3346-498F-AFE1-CD36CAA97C9F}.ReleaseBuild|x64.ActiveCfg = ReleaseBuild|Any CPU
		{64794B96-3346-498F-AFE1-CD36CAA97C9F}.ReleaseBuild|x64.Build.0 = ReleaseBuild|Any CPU
		{64794B96-3346-498F-AFE1-CD36CAA97C9F}.ReleaseBuild|x86.ActiveCfg = ReleaseBuild|Any CPU
		{64794B96-3346-498F-AFE1-CD36CAA97C9F}.ReleaseBuild|x86.Build.0 = ReleaseBuild|Any CPU
		{9F1BFE2A-5381-41FC-9363-BD757B9FA1CE}.Debug|Any CPU.ActiveCfg = Debug|Any CPU
		{9F1BFE2A-5381-41FC-9363-BD757B9FA1CE}.Debug|Any CPU.Build.0 = Debug|Any CPU
		{9F1BFE2A-5381-41FC-9363-BD757B9FA1CE}.Debug|Linux.ActiveCfg = Debug|Any CPU
		{9F1BFE2A-5381-41FC-9363-BD757B9FA1CE}.Debug|Linux.Build.0 = Debug|Any CPU
		{9F1BFE2A-5381-41FC-9363-BD757B9FA1CE}.Debug|MacOS.ActiveCfg = Debug|Any CPU
		{9F1BFE2A-5381-41FC-9363-BD757B9FA1CE}.Debug|MacOS.Build.0 = Debug|Any CPU
		{9F1BFE2A-5381-41FC-9363-BD757B9FA1CE}.Debug|Windows.ActiveCfg = Debug|Any CPU
		{9F1BFE2A-5381-41FC-9363-BD757B9FA1CE}.Debug|Windows.Build.0 = Debug|Any CPU
		{9F1BFE2A-5381-41FC-9363-BD757B9FA1CE}.Debug|x64.ActiveCfg = Debug|Any CPU
		{9F1BFE2A-5381-41FC-9363-BD757B9FA1CE}.Debug|x64.Build.0 = Debug|Any CPU
		{9F1BFE2A-5381-41FC-9363-BD757B9FA1CE}.Debug|x86.ActiveCfg = Debug|Any CPU
		{9F1BFE2A-5381-41FC-9363-BD757B9FA1CE}.Debug|x86.Build.0 = Debug|Any CPU
		{9F1BFE2A-5381-41FC-9363-BD757B9FA1CE}.Release|Any CPU.ActiveCfg = Release|Any CPU
		{9F1BFE2A-5381-41FC-9363-BD757B9FA1CE}.Release|Any CPU.Build.0 = Release|Any CPU
		{9F1BFE2A-5381-41FC-9363-BD757B9FA1CE}.Release|Linux.ActiveCfg = Release|Any CPU
		{9F1BFE2A-5381-41FC-9363-BD757B9FA1CE}.Release|Linux.Build.0 = Release|Any CPU
		{9F1BFE2A-5381-41FC-9363-BD757B9FA1CE}.Release|MacOS.ActiveCfg = Release|Any CPU
		{9F1BFE2A-5381-41FC-9363-BD757B9FA1CE}.Release|MacOS.Build.0 = Release|Any CPU
		{9F1BFE2A-5381-41FC-9363-BD757B9FA1CE}.Release|Windows.ActiveCfg = Release|Any CPU
		{9F1BFE2A-5381-41FC-9363-BD757B9FA1CE}.Release|Windows.Build.0 = Release|Any CPU
		{9F1BFE2A-5381-41FC-9363-BD757B9FA1CE}.Release|x64.ActiveCfg = Release|Any CPU
		{9F1BFE2A-5381-41FC-9363-BD757B9FA1CE}.Release|x64.Build.0 = Release|Any CPU
		{9F1BFE2A-5381-41FC-9363-BD757B9FA1CE}.Release|x86.ActiveCfg = Release|Any CPU
		{9F1BFE2A-5381-41FC-9363-BD757B9FA1CE}.Release|x86.Build.0 = Release|Any CPU
		{9F1BFE2A-5381-41FC-9363-BD757B9FA1CE}.ReleaseBuild|Any CPU.ActiveCfg = ReleaseBuild|Any CPU
		{9F1BFE2A-5381-41FC-9363-BD757B9FA1CE}.ReleaseBuild|Any CPU.Build.0 = ReleaseBuild|Any CPU
		{9F1BFE2A-5381-41FC-9363-BD757B9FA1CE}.ReleaseBuild|Linux.ActiveCfg = ReleaseBuild|Any CPU
		{9F1BFE2A-5381-41FC-9363-BD757B9FA1CE}.ReleaseBuild|Linux.Build.0 = ReleaseBuild|Any CPU
		{9F1BFE2A-5381-41FC-9363-BD757B9FA1CE}.ReleaseBuild|MacOS.ActiveCfg = ReleaseBuild|Any CPU
		{9F1BFE2A-5381-41FC-9363-BD757B9FA1CE}.ReleaseBuild|MacOS.Build.0 = ReleaseBuild|Any CPU
		{9F1BFE2A-5381-41FC-9363-BD757B9FA1CE}.ReleaseBuild|Windows.ActiveCfg = ReleaseBuild|Any CPU
		{9F1BFE2A-5381-41FC-9363-BD757B9FA1CE}.ReleaseBuild|Windows.Build.0 = ReleaseBuild|Any CPU
		{9F1BFE2A-5381-41FC-9363-BD757B9FA1CE}.ReleaseBuild|x64.ActiveCfg = ReleaseBuild|Any CPU
		{9F1BFE2A-5381-41FC-9363-BD757B9FA1CE}.ReleaseBuild|x64.Build.0 = ReleaseBuild|Any CPU
		{9F1BFE2A-5381-41FC-9363-BD757B9FA1CE}.ReleaseBuild|x86.ActiveCfg = ReleaseBuild|Any CPU
		{9F1BFE2A-5381-41FC-9363-BD757B9FA1CE}.ReleaseBuild|x86.Build.0 = ReleaseBuild|Any CPU
		{3D23009E-4892-4BEC-ABE4-B778D3968CF1}.Debug|Any CPU.ActiveCfg = Debug|Any CPU
		{3D23009E-4892-4BEC-ABE4-B778D3968CF1}.Debug|Any CPU.Build.0 = Debug|Any CPU
		{3D23009E-4892-4BEC-ABE4-B778D3968CF1}.Debug|Linux.ActiveCfg = Debug|Any CPU
		{3D23009E-4892-4BEC-ABE4-B778D3968CF1}.Debug|Linux.Build.0 = Debug|Any CPU
		{3D23009E-4892-4BEC-ABE4-B778D3968CF1}.Debug|MacOS.ActiveCfg = Debug|Any CPU
		{3D23009E-4892-4BEC-ABE4-B778D3968CF1}.Debug|MacOS.Build.0 = Debug|Any CPU
		{3D23009E-4892-4BEC-ABE4-B778D3968CF1}.Debug|Windows.ActiveCfg = Debug|Any CPU
		{3D23009E-4892-4BEC-ABE4-B778D3968CF1}.Debug|Windows.Build.0 = Debug|Any CPU
		{3D23009E-4892-4BEC-ABE4-B778D3968CF1}.Debug|x64.ActiveCfg = Debug|Any CPU
		{3D23009E-4892-4BEC-ABE4-B778D3968CF1}.Debug|x64.Build.0 = Debug|Any CPU
		{3D23009E-4892-4BEC-ABE4-B778D3968CF1}.Debug|x86.ActiveCfg = Debug|Any CPU
		{3D23009E-4892-4BEC-ABE4-B778D3968CF1}.Debug|x86.Build.0 = Debug|Any CPU
		{3D23009E-4892-4BEC-ABE4-B778D3968CF1}.Release|Any CPU.ActiveCfg = Release|Any CPU
		{3D23009E-4892-4BEC-ABE4-B778D3968CF1}.Release|Any CPU.Build.0 = Release|Any CPU
		{3D23009E-4892-4BEC-ABE4-B778D3968CF1}.Release|Linux.ActiveCfg = Release|Any CPU
		{3D23009E-4892-4BEC-ABE4-B778D3968CF1}.Release|Linux.Build.0 = Release|Any CPU
		{3D23009E-4892-4BEC-ABE4-B778D3968CF1}.Release|MacOS.ActiveCfg = Release|Any CPU
		{3D23009E-4892-4BEC-ABE4-B778D3968CF1}.Release|MacOS.Build.0 = Release|Any CPU
		{3D23009E-4892-4BEC-ABE4-B778D3968CF1}.Release|Windows.ActiveCfg = Release|Any CPU
		{3D23009E-4892-4BEC-ABE4-B778D3968CF1}.Release|Windows.Build.0 = Release|Any CPU
		{3D23009E-4892-4BEC-ABE4-B778D3968CF1}.Release|x64.ActiveCfg = Release|Any CPU
		{3D23009E-4892-4BEC-ABE4-B778D3968CF1}.Release|x64.Build.0 = Release|Any CPU
		{3D23009E-4892-4BEC-ABE4-B778D3968CF1}.Release|x86.ActiveCfg = Release|Any CPU
		{3D23009E-4892-4BEC-ABE4-B778D3968CF1}.Release|x86.Build.0 = Release|Any CPU
		{3D23009E-4892-4BEC-ABE4-B778D3968CF1}.ReleaseBuild|Any CPU.ActiveCfg = ReleaseBuild|Any CPU
		{3D23009E-4892-4BEC-ABE4-B778D3968CF1}.ReleaseBuild|Any CPU.Build.0 = ReleaseBuild|Any CPU
		{3D23009E-4892-4BEC-ABE4-B778D3968CF1}.ReleaseBuild|Linux.ActiveCfg = ReleaseBuild|Any CPU
		{3D23009E-4892-4BEC-ABE4-B778D3968CF1}.ReleaseBuild|Linux.Build.0 = ReleaseBuild|Any CPU
		{3D23009E-4892-4BEC-ABE4-B778D3968CF1}.ReleaseBuild|MacOS.ActiveCfg = ReleaseBuild|Any CPU
		{3D23009E-4892-4BEC-ABE4-B778D3968CF1}.ReleaseBuild|MacOS.Build.0 = ReleaseBuild|Any CPU
		{3D23009E-4892-4BEC-ABE4-B778D3968CF1}.ReleaseBuild|Windows.ActiveCfg = ReleaseBuild|Any CPU
		{3D23009E-4892-4BEC-ABE4-B778D3968CF1}.ReleaseBuild|Windows.Build.0 = ReleaseBuild|Any CPU
		{3D23009E-4892-4BEC-ABE4-B778D3968CF1}.ReleaseBuild|x64.ActiveCfg = ReleaseBuild|Any CPU
		{3D23009E-4892-4BEC-ABE4-B778D3968CF1}.ReleaseBuild|x64.Build.0 = ReleaseBuild|Any CPU
		{3D23009E-4892-4BEC-ABE4-B778D3968CF1}.ReleaseBuild|x86.ActiveCfg = ReleaseBuild|Any CPU
		{3D23009E-4892-4BEC-ABE4-B778D3968CF1}.ReleaseBuild|x86.Build.0 = ReleaseBuild|Any CPU
		{D6129AE5-B519-4368-B080-805A73405EDA}.Debug|Any CPU.ActiveCfg = Debug|Any CPU
		{D6129AE5-B519-4368-B080-805A73405EDA}.Debug|Any CPU.Build.0 = Debug|Any CPU
		{D6129AE5-B519-4368-B080-805A73405EDA}.Debug|Linux.ActiveCfg = Debug|Any CPU
		{D6129AE5-B519-4368-B080-805A73405EDA}.Debug|Linux.Build.0 = Debug|Any CPU
		{D6129AE5-B519-4368-B080-805A73405EDA}.Debug|MacOS.ActiveCfg = Debug|Any CPU
		{D6129AE5-B519-4368-B080-805A73405EDA}.Debug|MacOS.Build.0 = Debug|Any CPU
		{D6129AE5-B519-4368-B080-805A73405EDA}.Debug|Windows.ActiveCfg = Debug|Any CPU
		{D6129AE5-B519-4368-B080-805A73405EDA}.Debug|Windows.Build.0 = Debug|Any CPU
		{D6129AE5-B519-4368-B080-805A73405EDA}.Debug|x64.ActiveCfg = Debug|Any CPU
		{D6129AE5-B519-4368-B080-805A73405EDA}.Debug|x64.Build.0 = Debug|Any CPU
		{D6129AE5-B519-4368-B080-805A73405EDA}.Debug|x86.ActiveCfg = Debug|Any CPU
		{D6129AE5-B519-4368-B080-805A73405EDA}.Debug|x86.Build.0 = Debug|Any CPU
		{D6129AE5-B519-4368-B080-805A73405EDA}.Release|Any CPU.ActiveCfg = Release|Any CPU
		{D6129AE5-B519-4368-B080-805A73405EDA}.Release|Any CPU.Build.0 = Release|Any CPU
		{D6129AE5-B519-4368-B080-805A73405EDA}.Release|Linux.ActiveCfg = Release|Any CPU
		{D6129AE5-B519-4368-B080-805A73405EDA}.Release|Linux.Build.0 = Release|Any CPU
		{D6129AE5-B519-4368-B080-805A73405EDA}.Release|MacOS.ActiveCfg = Release|Any CPU
		{D6129AE5-B519-4368-B080-805A73405EDA}.Release|MacOS.Build.0 = Release|Any CPU
		{D6129AE5-B519-4368-B080-805A73405EDA}.Release|Windows.ActiveCfg = Release|Any CPU
		{D6129AE5-B519-4368-B080-805A73405EDA}.Release|Windows.Build.0 = Release|Any CPU
		{D6129AE5-B519-4368-B080-805A73405EDA}.Release|x64.ActiveCfg = Release|Any CPU
		{D6129AE5-B519-4368-B080-805A73405EDA}.Release|x64.Build.0 = Release|Any CPU
		{D6129AE5-B519-4368-B080-805A73405EDA}.Release|x86.ActiveCfg = Release|Any CPU
		{D6129AE5-B519-4368-B080-805A73405EDA}.Release|x86.Build.0 = Release|Any CPU
		{D6129AE5-B519-4368-B080-805A73405EDA}.ReleaseBuild|Any CPU.ActiveCfg = ReleaseBuild|Any CPU
		{D6129AE5-B519-4368-B080-805A73405EDA}.ReleaseBuild|Any CPU.Build.0 = ReleaseBuild|Any CPU
		{D6129AE5-B519-4368-B080-805A73405EDA}.ReleaseBuild|Linux.ActiveCfg = ReleaseBuild|Any CPU
		{D6129AE5-B519-4368-B080-805A73405EDA}.ReleaseBuild|Linux.Build.0 = ReleaseBuild|Any CPU
		{D6129AE5-B519-4368-B080-805A73405EDA}.ReleaseBuild|MacOS.ActiveCfg = ReleaseBuild|Any CPU
		{D6129AE5-B519-4368-B080-805A73405EDA}.ReleaseBuild|MacOS.Build.0 = ReleaseBuild|Any CPU
		{D6129AE5-B519-4368-B080-805A73405EDA}.ReleaseBuild|Windows.ActiveCfg = ReleaseBuild|Any CPU
		{D6129AE5-B519-4368-B080-805A73405EDA}.ReleaseBuild|Windows.Build.0 = ReleaseBuild|Any CPU
		{D6129AE5-B519-4368-B080-805A73405EDA}.ReleaseBuild|x64.ActiveCfg = ReleaseBuild|Any CPU
		{D6129AE5-B519-4368-B080-805A73405EDA}.ReleaseBuild|x64.Build.0 = ReleaseBuild|Any CPU
		{D6129AE5-B519-4368-B080-805A73405EDA}.ReleaseBuild|x86.ActiveCfg = ReleaseBuild|Any CPU
		{D6129AE5-B519-4368-B080-805A73405EDA}.ReleaseBuild|x86.Build.0 = ReleaseBuild|Any CPU
	EndGlobalSection
	GlobalSection(SolutionProperties) = preSolution
		HideSolutionNode = FALSE
	EndGlobalSection
	GlobalSection(NestedProjects) = preSolution
		{B033AC07-53C2-4F0B-B6B1-812EB7D36CCC} = {8DE41EC4-BEFD-4837-B2B1-352A66ABDF75}
		{DC197B17-EB75-437F-BFE2-10DD8F813B20} = {8DE41EC4-BEFD-4837-B2B1-352A66ABDF75}
		{3B1C8085-CFD3-4C8F-8B32-891F4E921376} = {DC197B17-EB75-437F-BFE2-10DD8F813B20}
		{5FE599B4-4B47-46E7-931B-B01C2CAE40D4} = {4EACED7C-3BF4-488D-813F-7D481122A21C}
		{25C2DBD3-8AC1-4163-A29A-A7F756FA4A5F} = {4EACED7C-3BF4-488D-813F-7D481122A21C}
		{00CC441C-44BB-4B15-BABD-6831B65C31D8} = {4EACED7C-3BF4-488D-813F-7D481122A21C}
		{BDDF43CD-1BDE-472A-A3D9-A003A6BF14D9} = {4EACED7C-3BF4-488D-813F-7D481122A21C}
		{B41A356C-4BA6-40CC-AC03-0E5D46B0B981} = {B033AC07-53C2-4F0B-B6B1-812EB7D36CCC}
		{8150FAB5-4934-4388-9973-621509DCEBFD} = {CFB2D176-40FA-4D97-80ED-2C43B3552E68}
		{D750ADD6-7736-479D-999B-8B1FAF9126BE} = {8150FAB5-4934-4388-9973-621509DCEBFD}
		{64794B96-3346-498F-AFE1-CD36CAA97C9F} = {8150FAB5-4934-4388-9973-621509DCEBFD}
		{9F1BFE2A-5381-41FC-9363-BD757B9FA1CE} = {8150FAB5-4934-4388-9973-621509DCEBFD}
		{3D23009E-4892-4BEC-ABE4-B778D3968CF1} = {8150FAB5-4934-4388-9973-621509DCEBFD}
		{D6129AE5-B519-4368-B080-805A73405EDA} = {B033AC07-53C2-4F0B-B6B1-812EB7D36CCC}
	EndGlobalSection
EndGlobal
