
Microsoft Visual Studio Solution File, Format Version 12.00
# Visual Studio 14
VisualStudioVersion = 14.0.22310.1
MinimumVisualStudioVersion = 10.0.40219.1
Project("{FAE04EC0-301F-11D3-BF4B-00C04F79EFBC}") = "SadConsole.Controls", "SadConsole8.Controls\SadConsole.Controls.csproj", "{D14D10E3-7A9B-4ACF-AB40-9AD5911F9C83}"
EndProject
Project("{FAE04EC0-301F-11D3-BF4B-00C04F79EFBC}") = "StarterProject", "StarterProject\StarterProject.csproj", "{74327CCC-4606-40B8-9587-60E55B1D6A80}"
EndProject
Project("{FAE04EC0-301F-11D3-BF4B-00C04F79EFBC}") = "SadConsole.GameHelpers", "SadConsole.GameHelpers\SadConsole.GameHelpers.csproj", "{582F4DDD-9C17-42E2-9691-A96A03ED6AD8}"
EndProject
Project("{2150E333-8FDC-42A3-9474-1A3956D46DE8}") = "01_Libraries", "01_Libraries", "{4EACED7C-3BF4-488D-813F-7D481122A21C}"
EndProject
Project("{2150E333-8FDC-42A3-9474-1A3956D46DE8}") = "02_Platforms", "02_Platforms", "{CFB2D176-40FA-4D97-80ED-2C43B3552E68}"
EndProject
Project("{2150E333-8FDC-42A3-9474-1A3956D46DE8}") = "00_Misc", "00_Misc", "{6431B21D-D031-4E1F-99DC-8343B030A050}"
	ProjectSection(SolutionItems) = preProject
		.gitattributes = .gitattributes
		.gitignore = .gitignore
		ChangeLog.md = ChangeLog.md
		README.md = README.md
	EndProjectSection
EndProject
Project("{D954291E-2A0B-460D-934E-DC6B0785DB48}") = "SadConsole.Core", "SadConsole.Core\SadConsole.Core.shproj", "{BDDF43CD-1BDE-472A-A3D9-A003A6BF14D9}"
EndProject
Project("{2150E333-8FDC-42A3-9474-1A3956D46DE8}") = "Windows", "Windows", "{E37CC7AB-090B-410B-8017-3DC57780FA8E}"
EndProject
Project("{FAE04EC0-301F-11D3-BF4B-00C04F79EFBC}") = "SadConsole.Platforms.Windows.Core", "SadConsole.Platforms\SadConsole.Platforms.Windows.Core\SadConsole.Platforms.Windows.Core.csproj", "{9E8424E8-EFD3-4158-B49E-FECCD7509A7F}"
EndProject
Project("{D954291E-2A0B-460D-934E-DC6B0785DB48}") = "SadConsole.Ansi", "SadConsole.Ansi\SadConsole.Ansi.shproj", "{5FE599B4-4B47-46E7-931B-B01C2CAE40D4}"
EndProject
Project("{FAE04EC0-301F-11D3-BF4B-00C04F79EFBC}") = "SadConsole.Platforms.Windows.Controls", "SadConsole.Platforms\SadConsole.Platforms.Windows.Controls\SadConsole.Platforms.Windows.Controls.csproj", "{46F11907-CEF3-4069-B041-0A88880981E6}"
EndProject
Project("{FAE04EC0-301F-11D3-BF4B-00C04F79EFBC}") = "SadConsole.Platforms.Windows.GameHelpers", "SadConsole.Platforms\SadConsole.Platforms.Windows.GameHelpers\SadConsole.Platforms.Windows.GameHelpers.csproj", "{D348C254-AB16-4B48-9F61-2FFEE51DFD4A}"
EndProject
Project("{FAE04EC0-301F-11D3-BF4B-00C04F79EFBC}") = "SadConsole.Platforms.Windows.Ansi", "SadConsole.Platforms\SadConsole.Platforms.Windows.Ansi\SadConsole.Platforms.Windows.Ansi.csproj", "{55695088-7D09-4704-9D0C-7C69E0DE6D47}"
EndProject
Global
	GlobalSection(SharedMSBuildProjectFiles) = preSolution
		SadConsole.Core\SadConsole.Core.projitems*{9e8424e8-efd3-4158-b49e-feccd7509a7f}*SharedItemsImports = 4
		SadConsole.Ansi\SadConsole.Ansi.projitems*{5fe599b4-4b47-46e7-931b-b01c2cae40d4}*SharedItemsImports = 13
		SadConsole.Core\SadConsole.Core.projitems*{bddf43cd-1bde-472a-a3d9-a003a6bf14d9}*SharedItemsImports = 13
		SadConsole.Ansi\SadConsole.Ansi.projitems*{55695088-7d09-4704-9d0c-7c69e0de6d47}*SharedItemsImports = 4
	EndGlobalSection
	GlobalSection(SolutionConfigurationPlatforms) = preSolution
		Debug|Any CPU = Debug|Any CPU
		Release|Any CPU = Release|Any CPU
	EndGlobalSection
	GlobalSection(ProjectConfigurationPlatforms) = postSolution
		{D14D10E3-7A9B-4ACF-AB40-9AD5911F9C83}.Debug|Any CPU.ActiveCfg = Debug|Any CPU
		{D14D10E3-7A9B-4ACF-AB40-9AD5911F9C83}.Debug|Any CPU.Build.0 = Debug|Any CPU
		{D14D10E3-7A9B-4ACF-AB40-9AD5911F9C83}.Release|Any CPU.ActiveCfg = Release|Any CPU
		{D14D10E3-7A9B-4ACF-AB40-9AD5911F9C83}.Release|Any CPU.Build.0 = Release|Any CPU
		{74327CCC-4606-40B8-9587-60E55B1D6A80}.Debug|Any CPU.ActiveCfg = Debug|Any CPU
		{74327CCC-4606-40B8-9587-60E55B1D6A80}.Debug|Any CPU.Build.0 = Debug|Any CPU
		{74327CCC-4606-40B8-9587-60E55B1D6A80}.Release|Any CPU.ActiveCfg = Release|Any CPU
		{74327CCC-4606-40B8-9587-60E55B1D6A80}.Release|Any CPU.Build.0 = Release|Any CPU
		{582F4DDD-9C17-42E2-9691-A96A03ED6AD8}.Debug|Any CPU.ActiveCfg = Debug|Any CPU
		{582F4DDD-9C17-42E2-9691-A96A03ED6AD8}.Debug|Any CPU.Build.0 = Debug|Any CPU
		{582F4DDD-9C17-42E2-9691-A96A03ED6AD8}.Release|Any CPU.ActiveCfg = Release|Any CPU
		{582F4DDD-9C17-42E2-9691-A96A03ED6AD8}.Release|Any CPU.Build.0 = Release|Any CPU
		{9E8424E8-EFD3-4158-B49E-FECCD7509A7F}.Debug|Any CPU.ActiveCfg = Debug|Any CPU
		{9E8424E8-EFD3-4158-B49E-FECCD7509A7F}.Debug|Any CPU.Build.0 = Debug|Any CPU
		{9E8424E8-EFD3-4158-B49E-FECCD7509A7F}.Release|Any CPU.ActiveCfg = Release|Any CPU
		{9E8424E8-EFD3-4158-B49E-FECCD7509A7F}.Release|Any CPU.Build.0 = Release|Any CPU
		{46F11907-CEF3-4069-B041-0A88880981E6}.Debug|Any CPU.ActiveCfg = Debug|Any CPU
		{46F11907-CEF3-4069-B041-0A88880981E6}.Debug|Any CPU.Build.0 = Debug|Any CPU
		{46F11907-CEF3-4069-B041-0A88880981E6}.Release|Any CPU.ActiveCfg = Release|Any CPU
		{46F11907-CEF3-4069-B041-0A88880981E6}.Release|Any CPU.Build.0 = Release|Any CPU
		{D348C254-AB16-4B48-9F61-2FFEE51DFD4A}.Debug|Any CPU.ActiveCfg = Debug|Any CPU
		{D348C254-AB16-4B48-9F61-2FFEE51DFD4A}.Debug|Any CPU.Build.0 = Debug|Any CPU
		{D348C254-AB16-4B48-9F61-2FFEE51DFD4A}.Release|Any CPU.ActiveCfg = Release|Any CPU
		{D348C254-AB16-4B48-9F61-2FFEE51DFD4A}.Release|Any CPU.Build.0 = Release|Any CPU
		{55695088-7D09-4704-9D0C-7C69E0DE6D47}.Debug|Any CPU.ActiveCfg = Debug|Any CPU
		{55695088-7D09-4704-9D0C-7C69E0DE6D47}.Debug|Any CPU.Build.0 = Debug|Any CPU
		{55695088-7D09-4704-9D0C-7C69E0DE6D47}.Release|Any CPU.ActiveCfg = Release|Any CPU
		{55695088-7D09-4704-9D0C-7C69E0DE6D47}.Release|Any CPU.Build.0 = Release|Any CPU
	EndGlobalSection
	GlobalSection(SolutionProperties) = preSolution
		HideSolutionNode = FALSE
	EndGlobalSection
	GlobalSection(NestedProjects) = preSolution
		{BDDF43CD-1BDE-472A-A3D9-A003A6BF14D9} = {4EACED7C-3BF4-488D-813F-7D481122A21C}
		{E37CC7AB-090B-410B-8017-3DC57780FA8E} = {CFB2D176-40FA-4D97-80ED-2C43B3552E68}
		{9E8424E8-EFD3-4158-B49E-FECCD7509A7F} = {E37CC7AB-090B-410B-8017-3DC57780FA8E}
		{5FE599B4-4B47-46E7-931B-B01C2CAE40D4} = {4EACED7C-3BF4-488D-813F-7D481122A21C}
		{46F11907-CEF3-4069-B041-0A88880981E6} = {E37CC7AB-090B-410B-8017-3DC57780FA8E}
		{D348C254-AB16-4B48-9F61-2FFEE51DFD4A} = {E37CC7AB-090B-410B-8017-3DC57780FA8E}
		{55695088-7D09-4704-9D0C-7C69E0DE6D47} = {E37CC7AB-090B-410B-8017-3DC57780FA8E}
	EndGlobalSection
EndGlobal
