
Microsoft Visual Studio Solution File, Format Version 12.00
# Visual Studio 14
VisualStudioVersion = 14.0.25420.1
MinimumVisualStudioVersion = 10.0.40219.1
Project("{2150E333-8FDC-42A3-9474-1A3956D46DE8}") = "01_Libraries", "01_Libraries", "{4EACED7C-3BF4-488D-813F-7D481122A21C}"
EndProject
Project("{D954291E-2A0B-460D-934E-DC6B0785DB48}") = "SadConsole.Core", "SadConsole.Core\SadConsole.Core.shproj", "{BDDF43CD-1BDE-472A-A3D9-A003A6BF14D9}"
EndProject
Project("{D954291E-2A0B-460D-934E-DC6B0785DB48}") = "SadConsole.Ansi", "SadConsole.Ansi\SadConsole.Ansi.shproj", "{5FE599B4-4B47-46E7-931B-B01C2CAE40D4}"
EndProject
Project("{D954291E-2A0B-460D-934E-DC6B0785DB48}") = "SadConsole.Controls", "SadConsole.Controls\SadConsole.Controls.shproj", "{25C2DBD3-8AC1-4163-A29A-A7F756FA4A5F}"
EndProject
Project("{D954291E-2A0B-460D-934E-DC6B0785DB48}") = "SadConsole.GameHelpers", "SadConsole.GameHelpers\SadConsole.GameHelpers.shproj", "{00CC441C-44BB-4B15-BABD-6831B65C31D8}"
EndProject
Project("{2150E333-8FDC-42A3-9474-1A3956D46DE8}") = "02_Platforms", "02_Platforms", "{CFB2D176-40FA-4D97-80ED-2C43B3552E68}"
EndProject
Project("{2150E333-8FDC-42A3-9474-1A3956D46DE8}") = "00_Misc", "00_Misc", "{6431B21D-D031-4E1F-99DC-8343B030A050}"
	ProjectSection(SolutionItems) = preProject
		.gitattributes = .gitattributes
		.gitignore = .gitignore
		ChangeLog.md = ChangeLog.md
		README.md = README.md
	EndProjectSection
EndProject
Project("{2150E333-8FDC-42A3-9474-1A3956D46DE8}") = "03_Examples", "03_Examples", "{8DE41EC4-BEFD-4837-B2B1-352A66ABDF75}"
EndProject
Project("{2150E333-8FDC-42A3-9474-1A3956D46DE8}") = "Windows SFML", "Windows SFML", "{87793F8A-AA1A-43E2-AA53-11D58D8A7BE8}"
EndProject
Project("{FAE04EC0-301F-11D3-BF4B-00C04F79EFBC}") = "SadConsoleMain", "SFML\SadConsoleMain\SadConsoleMain.csproj", "{C6F85951-97A0-4E0F-B5E7-9C2880EDEB2B}"
EndProject
Global
	GlobalSection(SharedMSBuildProjectFiles) = preSolution
		SadConsole.GameHelpers\SadConsole.GameHelpers.projitems*{00cc441c-44bb-4b15-babd-6831b65c31d8}*SharedItemsImports = 13
		SadConsole.Controls\SadConsole.Controls.projitems*{25c2dbd3-8ac1-4163-a29a-a7f756fa4a5f}*SharedItemsImports = 13
		SadConsole.Ansi\SadConsole.Ansi.projitems*{5fe599b4-4b47-46e7-931b-b01c2cae40d4}*SharedItemsImports = 13
		SadConsole.Core\SadConsole.Core.projitems*{bddf43cd-1bde-472a-a3d9-a003a6bf14d9}*SharedItemsImports = 13
		SadConsole.Core\SadConsole.Core.projitems*{c6f85951-97a0-4e0f-b5e7-9c2880edeb2b}*SharedItemsImports = 4
	EndGlobalSection
	GlobalSection(SolutionConfigurationPlatforms) = preSolution
		Debug|Any CPU = Debug|Any CPU
		Debug|Linux = Debug|Linux
		Debug|MacOS = Debug|MacOS
		Debug|Windows = Debug|Windows
		Debug|x64 = Debug|x64
		Debug|x86 = Debug|x86
		Release|Any CPU = Release|Any CPU
		Release|Linux = Release|Linux
		Release|MacOS = Release|MacOS
		Release|Windows = Release|Windows
		Release|x64 = Release|x64
		Release|x86 = Release|x86
	EndGlobalSection
	GlobalSection(ProjectConfigurationPlatforms) = postSolution
		{C6F85951-97A0-4E0F-B5E7-9C2880EDEB2B}.Debug|Any CPU.ActiveCfg = Debug|Any CPU
		{C6F85951-97A0-4E0F-B5E7-9C2880EDEB2B}.Debug|Any CPU.Build.0 = Debug|Any CPU
		{C6F85951-97A0-4E0F-B5E7-9C2880EDEB2B}.Debug|Linux.ActiveCfg = Debug|Any CPU
		{C6F85951-97A0-4E0F-B5E7-9C2880EDEB2B}.Debug|Linux.Build.0 = Debug|Any CPU
		{C6F85951-97A0-4E0F-B5E7-9C2880EDEB2B}.Debug|MacOS.ActiveCfg = Debug|Any CPU
		{C6F85951-97A0-4E0F-B5E7-9C2880EDEB2B}.Debug|MacOS.Build.0 = Debug|Any CPU
		{C6F85951-97A0-4E0F-B5E7-9C2880EDEB2B}.Debug|Windows.ActiveCfg = Debug|Any CPU
		{C6F85951-97A0-4E0F-B5E7-9C2880EDEB2B}.Debug|Windows.Build.0 = Debug|Any CPU
		{C6F85951-97A0-4E0F-B5E7-9C2880EDEB2B}.Debug|x64.ActiveCfg = Debug|x64
		{C6F85951-97A0-4E0F-B5E7-9C2880EDEB2B}.Debug|x64.Build.0 = Debug|x64
		{C6F85951-97A0-4E0F-B5E7-9C2880EDEB2B}.Debug|x86.ActiveCfg = Debug|x86
		{C6F85951-97A0-4E0F-B5E7-9C2880EDEB2B}.Debug|x86.Build.0 = Debug|x86
		{C6F85951-97A0-4E0F-B5E7-9C2880EDEB2B}.Release|Any CPU.ActiveCfg = Release|Any CPU
		{C6F85951-97A0-4E0F-B5E7-9C2880EDEB2B}.Release|Any CPU.Build.0 = Release|Any CPU
		{C6F85951-97A0-4E0F-B5E7-9C2880EDEB2B}.Release|Linux.ActiveCfg = Release|Any CPU
		{C6F85951-97A0-4E0F-B5E7-9C2880EDEB2B}.Release|Linux.Build.0 = Release|Any CPU
		{C6F85951-97A0-4E0F-B5E7-9C2880EDEB2B}.Release|MacOS.ActiveCfg = Release|Any CPU
		{C6F85951-97A0-4E0F-B5E7-9C2880EDEB2B}.Release|MacOS.Build.0 = Release|Any CPU
		{C6F85951-97A0-4E0F-B5E7-9C2880EDEB2B}.Release|Windows.ActiveCfg = Release|Any CPU
		{C6F85951-97A0-4E0F-B5E7-9C2880EDEB2B}.Release|Windows.Build.0 = Release|Any CPU
		{C6F85951-97A0-4E0F-B5E7-9C2880EDEB2B}.Release|x64.ActiveCfg = Release|x64
		{C6F85951-97A0-4E0F-B5E7-9C2880EDEB2B}.Release|x64.Build.0 = Release|x64
		{C6F85951-97A0-4E0F-B5E7-9C2880EDEB2B}.Release|x86.ActiveCfg = Release|x86
		{C6F85951-97A0-4E0F-B5E7-9C2880EDEB2B}.Release|x86.Build.0 = Release|x86
	EndGlobalSection
	GlobalSection(SolutionProperties) = preSolution
		HideSolutionNode = FALSE
	EndGlobalSection
	GlobalSection(NestedProjects) = preSolution
		{BDDF43CD-1BDE-472A-A3D9-A003A6BF14D9} = {4EACED7C-3BF4-488D-813F-7D481122A21C}
		{5FE599B4-4B47-46E7-931B-B01C2CAE40D4} = {4EACED7C-3BF4-488D-813F-7D481122A21C}
		{25C2DBD3-8AC1-4163-A29A-A7F756FA4A5F} = {4EACED7C-3BF4-488D-813F-7D481122A21C}
		{00CC441C-44BB-4B15-BABD-6831B65C31D8} = {4EACED7C-3BF4-488D-813F-7D481122A21C}
		{87793F8A-AA1A-43E2-AA53-11D58D8A7BE8} = {CFB2D176-40FA-4D97-80ED-2C43B3552E68}
		{C6F85951-97A0-4E0F-B5E7-9C2880EDEB2B} = {87793F8A-AA1A-43E2-AA53-11D58D8A7BE8}
	EndGlobalSection
EndGlobal
