
Microsoft Visual Studio Solution File, Format Version 12.00
# Visual Studio 2012
VisualStudioVersion = 14.0.22310.1
MinimumVisualStudioVersion = 10.0.40219.1
Project("{2150E333-8FDC-42A3-9474-1A3956D46DE8}") = "01_Libraries", "01_Libraries", "{4EACED7C-3BF4-488D-813F-7D481122A21C}"
EndProject
Project("{D954291E-2A0B-460D-934E-DC6B0785DB48}") = "SadConsole.Core", "SadConsole.Core\SadConsole.Core.shproj", "{BDDF43CD-1BDE-472A-A3D9-A003A6BF14D9}"
EndProject
Project("{D954291E-2A0B-460D-934E-DC6B0785DB48}") = "SadConsole.Ansi", "SadConsole.Ansi\SadConsole.Ansi.shproj", "{5FE599B4-4B47-46E7-931B-B01C2CAE40D4}"
EndProject
Project("{D954291E-2A0B-460D-934E-DC6B0785DB48}") = "SadConsole.Controls", "SadConsole.Controls\SadConsole.Controls.shproj", "{25C2DBD3-8AC1-4163-A29A-A7F756FA4A5F}"
EndProject
Project("{D954291E-2A0B-460D-934E-DC6B0785DB48}") = "SadConsole.GameHelpers", "SadConsole.GameHelpers\SadConsole.GameHelpers.shproj", "{00CC441C-44BB-4B15-BABD-6831B65C31D8}"
EndProject
Project("{2150E333-8FDC-42A3-9474-1A3956D46DE8}") = "02_Platforms", "02_Platforms", "{CFB2D176-40FA-4D97-80ED-2C43B3552E68}"
EndProject
Project("{2150E333-8FDC-42A3-9474-1A3956D46DE8}") = "Windows", "Windows", "{E37CC7AB-090B-410B-8017-3DC57780FA8E}"
EndProject
Project("{FAE04EC0-301F-11D3-BF4B-00C04F79EFBC}") = "SadConsole.Platforms.Windows.Core", "SadConsole.Platforms\SadConsole.Platforms.Windows.Core\SadConsole.Platforms.Windows.Core.csproj", "{9E8424E8-EFD3-4158-B49E-FECCD7509A7F}"
EndProject
Project("{FAE04EC0-301F-11D3-BF4B-00C04F79EFBC}") = "SadConsole.Platforms.Windows.Controls", "SadConsole.Platforms\SadConsole.Platforms.Windows.Controls\SadConsole.Platforms.Windows.Controls.csproj", "{46F11907-CEF3-4069-B041-0A88880981E6}"
EndProject
Project("{FAE04EC0-301F-11D3-BF4B-00C04F79EFBC}") = "SadConsole.Platforms.Windows.GameHelpers", "SadConsole.Platforms\SadConsole.Platforms.Windows.GameHelpers\SadConsole.Platforms.Windows.GameHelpers.csproj", "{D348C254-AB16-4B48-9F61-2FFEE51DFD4A}"
EndProject
Project("{FAE04EC0-301F-11D3-BF4B-00C04F79EFBC}") = "SadConsole.Platforms.Windows.Ansi", "SadConsole.Platforms\SadConsole.Platforms.Windows.Ansi\SadConsole.Platforms.Windows.Ansi.csproj", "{55695088-7D09-4704-9D0C-7C69E0DE6D47}"
EndProject
Project("{2150E333-8FDC-42A3-9474-1A3956D46DE8}") = "MacOS", "MacOS", "{F53860CA-B421-4045-BCF5-075658AB08FC}"
EndProject
Project("{FAE04EC0-301F-11D3-BF4B-00C04F79EFBC}") = "SadConsole.Platforms.MacOS.Ansi", "SadConsole.Platforms\SadConsole.Platforms.MacOS.Ansi\SadConsole.Platforms.MacOS.Ansi.csproj", "{783DE48A-176D-48D8-BDFF-1CE7A8576CB3}"
EndProject
Project("{FAE04EC0-301F-11D3-BF4B-00C04F79EFBC}") = "SadConsole.Platforms.MacOS.Controls", "SadConsole.Platforms\SadConsole.Platforms.MacOS.Controls\SadConsole.Platforms.MacOS.Controls.csproj", "{C71CA649-B179-4C98-B93E-03FCBE8E827B}"
EndProject
Project("{FAE04EC0-301F-11D3-BF4B-00C04F79EFBC}") = "SadConsole.Platforms.MacOS.GameHelpers", "SadConsole.Platforms\SadConsole.Platforms.MacOS.GameHelpers\SadConsole.Platforms.MacOS.GameHelpers.csproj", "{1DD230C6-DDB8-47BE-90A4-2025A3B0036F}"
EndProject
Project("{FAE04EC0-301F-11D3-BF4B-00C04F79EFBC}") = "SadConsole.Platforms.MacOS.Core", "SadConsole.Platforms\SadConsole.Platforms.MacOS.Core\SadConsole.Platforms.MacOS.Core.csproj", "{9286A346-969E-4D47-9768-12986BABA9FA}"
EndProject
Project("{2150E333-8FDC-42A3-9474-1A3956D46DE8}") = "Linux", "Linux", "{E2DC2E8C-24F5-4FE0-A8E7-EEF787AE40F4}"
EndProject
Project("{FAE04EC0-301F-11D3-BF4B-00C04F79EFBC}") = "SadConsole.Platforms.Linux.Core", "SadConsole.Platforms\SadConsole.Platforms.Linux.Core\SadConsole.Platforms.Linux.Core.csproj", "{76E3A634-C04F-486F-93A1-80D9FB2615FB}"
EndProject
Project("{FAE04EC0-301F-11D3-BF4B-00C04F79EFBC}") = "SadConsole.Platforms.Linux.GameHelpers", "SadConsole.Platforms\SadConsole.Platforms.Linux.GameHelpers\SadConsole.Platforms.Linux.GameHelpers.csproj", "{A88ECA1C-08F5-40D9-AF89-AF59BA98E287}"
EndProject
Project("{FAE04EC0-301F-11D3-BF4B-00C04F79EFBC}") = "SadConsole.Platforms.Linux.Controls", "SadConsole.Platforms\SadConsole.Platforms.Linux.Controls\SadConsole.Platforms.Linux.Controls.csproj", "{D826C81F-F04F-4A33-9AE3-1FD5B96DC542}"
EndProject
Project("{FAE04EC0-301F-11D3-BF4B-00C04F79EFBC}") = "SadConsole.Platforms.Linux.Ansi", "SadConsole.Platforms\SadConsole.Platforms.Linux.Ansi\SadConsole.Platforms.Linux.Ansi.csproj", "{2AFD92F2-E334-4F97-B1BF-292C15A6EB42}"
EndProject
Project("{2150E333-8FDC-42A3-9474-1A3956D46DE8}") = "00_Misc", "00_Misc", "{6431B21D-D031-4E1F-99DC-8343B030A050}"
	ProjectSection(SolutionItems) = preProject
		.gitattributes = .gitattributes
		.gitignore = .gitignore
		ChangeLog.md = ChangeLog.md
		README.md = README.md
	EndProjectSection
EndProject
Project("{2150E333-8FDC-42A3-9474-1A3956D46DE8}") = "03_Examples", "03_Examples", "{8DE41EC4-BEFD-4837-B2B1-352A66ABDF75}"
EndProject
Project("{2150E333-8FDC-42A3-9474-1A3956D46DE8}") = "StarterProject", "StarterProject", "{B033AC07-53C2-4F0B-B6B1-812EB7D36CCC}"
EndProject
Project("{D954291E-2A0B-460D-934E-DC6B0785DB48}") = "StarterProject", "StarterProject\StarterProject.shproj", "{B41A356C-4BA6-40CC-AC03-0E5D46B0B981}"
EndProject
Project("{FAE04EC0-301F-11D3-BF4B-00C04F79EFBC}") = "StarterProject.Windows", "StarterProject\Platforms\Windows\StarterProject.Windows.csproj", "{74327CCC-4606-40B8-9587-60E55B1D6A80}"
EndProject
Project("{FAE04EC0-301F-11D3-BF4B-00C04F79EFBC}") = "StarterProject.Linux", "StarterProject\Platforms\Linux\StarterProject.Linux.csproj", "{A76E76EA-9C7F-4047-938A-3A7BA10EBC38}"
EndProject
Project("{FAE04EC0-301F-11D3-BF4B-00C04F79EFBC}") = "StarterProject.MacOS", "StarterProject\Platforms\MacOS\StarterProject.MacOS.csproj", "{5C8D1DC3-E851-4B67-A430-A8D14FA35D46}"
EndProject
Global
	GlobalSection(SolutionConfigurationPlatforms) = preSolution
		Debug|Linux = Debug|Linux
		Debug|MacOS = Debug|MacOS
		Debug|Windows = Debug|Windows
		Release|Linux = Release|Linux
		Release|MacOS = Release|MacOS
		Release|Windows = Release|Windows
	EndGlobalSection
	GlobalSection(ProjectConfigurationPlatforms) = postSolution
		{1DD230C6-DDB8-47BE-90A4-2025A3B0036F}.Debug|Linux.ActiveCfg = Debug|Any CPU
		{1DD230C6-DDB8-47BE-90A4-2025A3B0036F}.Debug|MacOS.ActiveCfg = Debug|Any CPU
		{1DD230C6-DDB8-47BE-90A4-2025A3B0036F}.Debug|MacOS.Build.0 = Debug|Any CPU
		{1DD230C6-DDB8-47BE-90A4-2025A3B0036F}.Debug|Windows.ActiveCfg = Debug|Any CPU
		{1DD230C6-DDB8-47BE-90A4-2025A3B0036F}.Release|Linux.ActiveCfg = Release|Any CPU
		{1DD230C6-DDB8-47BE-90A4-2025A3B0036F}.Release|MacOS.ActiveCfg = Release|Any CPU
		{1DD230C6-DDB8-47BE-90A4-2025A3B0036F}.Release|MacOS.Build.0 = Release|Any CPU
		{1DD230C6-DDB8-47BE-90A4-2025A3B0036F}.Release|Windows.ActiveCfg = Release|Any CPU
		{2AFD92F2-E334-4F97-B1BF-292C15A6EB42}.Debug|Linux.ActiveCfg = Debug|Any CPU
		{2AFD92F2-E334-4F97-B1BF-292C15A6EB42}.Debug|Linux.Build.0 = Debug|Any CPU
		{2AFD92F2-E334-4F97-B1BF-292C15A6EB42}.Debug|MacOS.ActiveCfg = Debug|Any CPU
		{2AFD92F2-E334-4F97-B1BF-292C15A6EB42}.Debug|Windows.ActiveCfg = Debug|Any CPU
		{2AFD92F2-E334-4F97-B1BF-292C15A6EB42}.Release|Linux.ActiveCfg = Release|Any CPU
		{2AFD92F2-E334-4F97-B1BF-292C15A6EB42}.Release|Linux.Build.0 = Release|Any CPU
		{2AFD92F2-E334-4F97-B1BF-292C15A6EB42}.Release|MacOS.ActiveCfg = Release|Any CPU
		{2AFD92F2-E334-4F97-B1BF-292C15A6EB42}.Release|Windows.ActiveCfg = Release|Any CPU
		{46F11907-CEF3-4069-B041-0A88880981E6}.Debug|Linux.ActiveCfg = Debug|Any CPU
		{46F11907-CEF3-4069-B041-0A88880981E6}.Debug|MacOS.ActiveCfg = Debug|Any CPU
		{46F11907-CEF3-4069-B041-0A88880981E6}.Debug|Windows.ActiveCfg = Debug|Any CPU
		{46F11907-CEF3-4069-B041-0A88880981E6}.Debug|Windows.Build.0 = Debug|Any CPU
		{46F11907-CEF3-4069-B041-0A88880981E6}.Release|Linux.ActiveCfg = Release|Any CPU
		{46F11907-CEF3-4069-B041-0A88880981E6}.Release|MacOS.ActiveCfg = Release|Any CPU
		{46F11907-CEF3-4069-B041-0A88880981E6}.Release|Windows.ActiveCfg = Release|Any CPU
		{46F11907-CEF3-4069-B041-0A88880981E6}.Release|Windows.Build.0 = Release|Any CPU
		{55695088-7D09-4704-9D0C-7C69E0DE6D47}.Debug|Linux.ActiveCfg = Debug|Any CPU
		{55695088-7D09-4704-9D0C-7C69E0DE6D47}.Debug|MacOS.ActiveCfg = Debug|Any CPU
		{55695088-7D09-4704-9D0C-7C69E0DE6D47}.Debug|Windows.ActiveCfg = Debug|Any CPU
		{55695088-7D09-4704-9D0C-7C69E0DE6D47}.Debug|Windows.Build.0 = Debug|Any CPU
		{55695088-7D09-4704-9D0C-7C69E0DE6D47}.Release|Linux.ActiveCfg = Release|Any CPU
		{55695088-7D09-4704-9D0C-7C69E0DE6D47}.Release|MacOS.ActiveCfg = Release|Any CPU
		{55695088-7D09-4704-9D0C-7C69E0DE6D47}.Release|Windows.ActiveCfg = Release|Any CPU
		{55695088-7D09-4704-9D0C-7C69E0DE6D47}.Release|Windows.Build.0 = Release|Any CPU
		{5C8D1DC3-E851-4B67-A430-A8D14FA35D46}.Debug|Linux.ActiveCfg = Debug|Any CPU
		{5C8D1DC3-E851-4B67-A430-A8D14FA35D46}.Debug|Linux.Build.0 = Debug|Any CPU
		{5C8D1DC3-E851-4B67-A430-A8D14FA35D46}.Debug|MacOS.ActiveCfg = Debug|Any CPU
		{5C8D1DC3-E851-4B67-A430-A8D14FA35D46}.Debug|MacOS.Build.0 = Debug|Any CPU
		{5C8D1DC3-E851-4B67-A430-A8D14FA35D46}.Debug|Windows.ActiveCfg = Debug|Any CPU
		{5C8D1DC3-E851-4B67-A430-A8D14FA35D46}.Debug|Windows.Build.0 = Debug|Any CPU
		{5C8D1DC3-E851-4B67-A430-A8D14FA35D46}.Release|Linux.ActiveCfg = Release|Any CPU
		{5C8D1DC3-E851-4B67-A430-A8D14FA35D46}.Release|Linux.Build.0 = Release|Any CPU
		{5C8D1DC3-E851-4B67-A430-A8D14FA35D46}.Release|MacOS.ActiveCfg = Release|Any CPU
		{5C8D1DC3-E851-4B67-A430-A8D14FA35D46}.Release|MacOS.Build.0 = Release|Any CPU
		{5C8D1DC3-E851-4B67-A430-A8D14FA35D46}.Release|Windows.ActiveCfg = Release|Any CPU
		{5C8D1DC3-E851-4B67-A430-A8D14FA35D46}.Release|Windows.Build.0 = Release|Any CPU
		{74327CCC-4606-40B8-9587-60E55B1D6A80}.Debug|Linux.ActiveCfg = Debug|Any CPU
		{74327CCC-4606-40B8-9587-60E55B1D6A80}.Debug|MacOS.ActiveCfg = Debug|Any CPU
		{74327CCC-4606-40B8-9587-60E55B1D6A80}.Debug|Windows.ActiveCfg = Debug|Any CPU
		{74327CCC-4606-40B8-9587-60E55B1D6A80}.Debug|Windows.Build.0 = Debug|Any CPU
		{74327CCC-4606-40B8-9587-60E55B1D6A80}.Release|Linux.ActiveCfg = Release|Any CPU
		{74327CCC-4606-40B8-9587-60E55B1D6A80}.Release|MacOS.ActiveCfg = Release|Any CPU
		{74327CCC-4606-40B8-9587-60E55B1D6A80}.Release|Windows.ActiveCfg = Release|Any CPU
		{74327CCC-4606-40B8-9587-60E55B1D6A80}.Release|Windows.Build.0 = Release|Any CPU
		{76E3A634-C04F-486F-93A1-80D9FB2615FB}.Debug|Linux.ActiveCfg = Debug|Any CPU
		{76E3A634-C04F-486F-93A1-80D9FB2615FB}.Debug|Linux.Build.0 = Debug|Any CPU
		{76E3A634-C04F-486F-93A1-80D9FB2615FB}.Debug|MacOS.ActiveCfg = Debug|Any CPU
		{76E3A634-C04F-486F-93A1-80D9FB2615FB}.Debug|Windows.ActiveCfg = Debug|Any CPU
		{76E3A634-C04F-486F-93A1-80D9FB2615FB}.Release|Linux.ActiveCfg = Release|Any CPU
		{76E3A634-C04F-486F-93A1-80D9FB2615FB}.Release|Linux.Build.0 = Release|Any CPU
		{76E3A634-C04F-486F-93A1-80D9FB2615FB}.Release|MacOS.ActiveCfg = Release|Any CPU
		{76E3A634-C04F-486F-93A1-80D9FB2615FB}.Release|Windows.ActiveCfg = Release|Any CPU
		{783DE48A-176D-48D8-BDFF-1CE7A8576CB3}.Debug|Linux.ActiveCfg = Debug|Any CPU
		{783DE48A-176D-48D8-BDFF-1CE7A8576CB3}.Debug|MacOS.ActiveCfg = Debug|Any CPU
		{783DE48A-176D-48D8-BDFF-1CE7A8576CB3}.Debug|MacOS.Build.0 = Debug|Any CPU
		{783DE48A-176D-48D8-BDFF-1CE7A8576CB3}.Debug|Windows.ActiveCfg = Debug|Any CPU
		{783DE48A-176D-48D8-BDFF-1CE7A8576CB3}.Release|Linux.ActiveCfg = Release|Any CPU
		{783DE48A-176D-48D8-BDFF-1CE7A8576CB3}.Release|MacOS.ActiveCfg = Release|Any CPU
		{783DE48A-176D-48D8-BDFF-1CE7A8576CB3}.Release|MacOS.Build.0 = Release|Any CPU
		{783DE48A-176D-48D8-BDFF-1CE7A8576CB3}.Release|Windows.ActiveCfg = Release|Any CPU
		{9286A346-969E-4D47-9768-12986BABA9FA}.Debug|Linux.ActiveCfg = Debug|Any CPU
		{9286A346-969E-4D47-9768-12986BABA9FA}.Debug|Linux.Build.0 = Debug|Any CPU
		{9286A346-969E-4D47-9768-12986BABA9FA}.Debug|MacOS.ActiveCfg = Debug|Any CPU
		{9286A346-969E-4D47-9768-12986BABA9FA}.Debug|MacOS.Build.0 = Debug|Any CPU
		{9286A346-969E-4D47-9768-12986BABA9FA}.Debug|Windows.ActiveCfg = Debug|Any CPU
		{9286A346-969E-4D47-9768-12986BABA9FA}.Debug|Windows.Build.0 = Debug|Any CPU
		{9286A346-969E-4D47-9768-12986BABA9FA}.Release|Linux.ActiveCfg = Release|Any CPU
		{9286A346-969E-4D47-9768-12986BABA9FA}.Release|Linux.Build.0 = Release|Any CPU
		{9286A346-969E-4D47-9768-12986BABA9FA}.Release|MacOS.ActiveCfg = Release|Any CPU
		{9286A346-969E-4D47-9768-12986BABA9FA}.Release|MacOS.Build.0 = Release|Any CPU
		{9286A346-969E-4D47-9768-12986BABA9FA}.Release|Windows.ActiveCfg = Release|Any CPU
		{9286A346-969E-4D47-9768-12986BABA9FA}.Release|Windows.Build.0 = Release|Any CPU
		{9E8424E8-EFD3-4158-B49E-FECCD7509A7F}.Debug|Linux.ActiveCfg = Debug|Any CPU
		{9E8424E8-EFD3-4158-B49E-FECCD7509A7F}.Debug|MacOS.ActiveCfg = Debug|Any CPU
		{9E8424E8-EFD3-4158-B49E-FECCD7509A7F}.Debug|Windows.ActiveCfg = Debug|Any CPU
		{9E8424E8-EFD3-4158-B49E-FECCD7509A7F}.Debug|Windows.Build.0 = Debug|Any CPU
		{9E8424E8-EFD3-4158-B49E-FECCD7509A7F}.Release|Linux.ActiveCfg = Release|Any CPU
		{9E8424E8-EFD3-4158-B49E-FECCD7509A7F}.Release|MacOS.ActiveCfg = Release|Any CPU
		{9E8424E8-EFD3-4158-B49E-FECCD7509A7F}.Release|Windows.ActiveCfg = Release|Any CPU
		{9E8424E8-EFD3-4158-B49E-FECCD7509A7F}.Release|Windows.Build.0 = Release|Any CPU
		{A76E76EA-9C7F-4047-938A-3A7BA10EBC38}.Debug|Linux.ActiveCfg = Debug|Any CPU
		{A76E76EA-9C7F-4047-938A-3A7BA10EBC38}.Debug|Linux.Build.0 = Debug|Any CPU
		{A76E76EA-9C7F-4047-938A-3A7BA10EBC38}.Debug|MacOS.ActiveCfg = Debug|Any CPU
		{A76E76EA-9C7F-4047-938A-3A7BA10EBC38}.Debug|Windows.ActiveCfg = Debug|Any CPU
		{A76E76EA-9C7F-4047-938A-3A7BA10EBC38}.Release|Linux.ActiveCfg = Release|Any CPU
		{A76E76EA-9C7F-4047-938A-3A7BA10EBC38}.Release|Linux.Build.0 = Release|Any CPU
		{A76E76EA-9C7F-4047-938A-3A7BA10EBC38}.Release|MacOS.ActiveCfg = Release|Any CPU
		{A76E76EA-9C7F-4047-938A-3A7BA10EBC38}.Release|Windows.ActiveCfg = Release|Any CPU
		{A88ECA1C-08F5-40D9-AF89-AF59BA98E287}.Debug|Linux.ActiveCfg = Debug|Any CPU
		{A88ECA1C-08F5-40D9-AF89-AF59BA98E287}.Debug|Linux.Build.0 = Debug|Any CPU
		{A88ECA1C-08F5-40D9-AF89-AF59BA98E287}.Debug|MacOS.ActiveCfg = Debug|Any CPU
		{A88ECA1C-08F5-40D9-AF89-AF59BA98E287}.Debug|Windows.ActiveCfg = Debug|Any CPU
		{A88ECA1C-08F5-40D9-AF89-AF59BA98E287}.Release|Linux.ActiveCfg = Release|Any CPU
		{A88ECA1C-08F5-40D9-AF89-AF59BA98E287}.Release|Linux.Build.0 = Release|Any CPU
		{A88ECA1C-08F5-40D9-AF89-AF59BA98E287}.Release|MacOS.ActiveCfg = Release|Any CPU
		{A88ECA1C-08F5-40D9-AF89-AF59BA98E287}.Release|Windows.ActiveCfg = Release|Any CPU
		{C71CA649-B179-4C98-B93E-03FCBE8E827B}.Debug|Linux.ActiveCfg = Debug|Any CPU
		{C71CA649-B179-4C98-B93E-03FCBE8E827B}.Debug|MacOS.ActiveCfg = Debug|Any CPU
		{C71CA649-B179-4C98-B93E-03FCBE8E827B}.Debug|MacOS.Build.0 = Debug|Any CPU
		{C71CA649-B179-4C98-B93E-03FCBE8E827B}.Debug|Windows.ActiveCfg = Debug|Any CPU
		{C71CA649-B179-4C98-B93E-03FCBE8E827B}.Release|Linux.ActiveCfg = Release|Any CPU
		{C71CA649-B179-4C98-B93E-03FCBE8E827B}.Release|MacOS.ActiveCfg = Release|Any CPU
		{C71CA649-B179-4C98-B93E-03FCBE8E827B}.Release|MacOS.Build.0 = Release|Any CPU
		{C71CA649-B179-4C98-B93E-03FCBE8E827B}.Release|Windows.ActiveCfg = Release|Any CPU
		{D348C254-AB16-4B48-9F61-2FFEE51DFD4A}.Debug|Linux.ActiveCfg = Debug|Any CPU
		{D348C254-AB16-4B48-9F61-2FFEE51DFD4A}.Debug|MacOS.ActiveCfg = Debug|Any CPU
		{D348C254-AB16-4B48-9F61-2FFEE51DFD4A}.Debug|Windows.ActiveCfg = Debug|Any CPU
		{D348C254-AB16-4B48-9F61-2FFEE51DFD4A}.Debug|Windows.Build.0 = Debug|Any CPU
		{D348C254-AB16-4B48-9F61-2FFEE51DFD4A}.Release|Linux.ActiveCfg = Release|Any CPU
		{D348C254-AB16-4B48-9F61-2FFEE51DFD4A}.Release|MacOS.ActiveCfg = Release|Any CPU
		{D348C254-AB16-4B48-9F61-2FFEE51DFD4A}.Release|Windows.ActiveCfg = Release|Any CPU
		{D348C254-AB16-4B48-9F61-2FFEE51DFD4A}.Release|Windows.Build.0 = Release|Any CPU
		{D826C81F-F04F-4A33-9AE3-1FD5B96DC542}.Debug|Linux.ActiveCfg = Debug|Any CPU
		{D826C81F-F04F-4A33-9AE3-1FD5B96DC542}.Debug|Linux.Build.0 = Debug|Any CPU
		{D826C81F-F04F-4A33-9AE3-1FD5B96DC542}.Debug|MacOS.ActiveCfg = Debug|Any CPU
		{D826C81F-F04F-4A33-9AE3-1FD5B96DC542}.Debug|Windows.ActiveCfg = Debug|Any CPU
		{D826C81F-F04F-4A33-9AE3-1FD5B96DC542}.Release|Linux.ActiveCfg = Release|Any CPU
		{D826C81F-F04F-4A33-9AE3-1FD5B96DC542}.Release|Linux.Build.0 = Release|Any CPU
		{D826C81F-F04F-4A33-9AE3-1FD5B96DC542}.Release|MacOS.ActiveCfg = Release|Any CPU
		{D826C81F-F04F-4A33-9AE3-1FD5B96DC542}.Release|Windows.ActiveCfg = Release|Any CPU
	EndGlobalSection
	GlobalSection(NestedProjects) = preSolution
		{BDDF43CD-1BDE-472A-A3D9-A003A6BF14D9} = {4EACED7C-3BF4-488D-813F-7D481122A21C}
		{5FE599B4-4B47-46E7-931B-B01C2CAE40D4} = {4EACED7C-3BF4-488D-813F-7D481122A21C}
		{25C2DBD3-8AC1-4163-A29A-A7F756FA4A5F} = {4EACED7C-3BF4-488D-813F-7D481122A21C}
		{00CC441C-44BB-4B15-BABD-6831B65C31D8} = {4EACED7C-3BF4-488D-813F-7D481122A21C}
		{E37CC7AB-090B-410B-8017-3DC57780FA8E} = {CFB2D176-40FA-4D97-80ED-2C43B3552E68}
		{F53860CA-B421-4045-BCF5-075658AB08FC} = {CFB2D176-40FA-4D97-80ED-2C43B3552E68}
		{E2DC2E8C-24F5-4FE0-A8E7-EEF787AE40F4} = {CFB2D176-40FA-4D97-80ED-2C43B3552E68}
		{9E8424E8-EFD3-4158-B49E-FECCD7509A7F} = {E37CC7AB-090B-410B-8017-3DC57780FA8E}
		{46F11907-CEF3-4069-B041-0A88880981E6} = {E37CC7AB-090B-410B-8017-3DC57780FA8E}
		{D348C254-AB16-4B48-9F61-2FFEE51DFD4A} = {E37CC7AB-090B-410B-8017-3DC57780FA8E}
		{55695088-7D09-4704-9D0C-7C69E0DE6D47} = {E37CC7AB-090B-410B-8017-3DC57780FA8E}
		{783DE48A-176D-48D8-BDFF-1CE7A8576CB3} = {F53860CA-B421-4045-BCF5-075658AB08FC}
		{C71CA649-B179-4C98-B93E-03FCBE8E827B} = {F53860CA-B421-4045-BCF5-075658AB08FC}
		{1DD230C6-DDB8-47BE-90A4-2025A3B0036F} = {F53860CA-B421-4045-BCF5-075658AB08FC}
		{9286A346-969E-4D47-9768-12986BABA9FA} = {F53860CA-B421-4045-BCF5-075658AB08FC}
		{76E3A634-C04F-486F-93A1-80D9FB2615FB} = {E2DC2E8C-24F5-4FE0-A8E7-EEF787AE40F4}
		{A88ECA1C-08F5-40D9-AF89-AF59BA98E287} = {E2DC2E8C-24F5-4FE0-A8E7-EEF787AE40F4}
		{D826C81F-F04F-4A33-9AE3-1FD5B96DC542} = {E2DC2E8C-24F5-4FE0-A8E7-EEF787AE40F4}
		{2AFD92F2-E334-4F97-B1BF-292C15A6EB42} = {E2DC2E8C-24F5-4FE0-A8E7-EEF787AE40F4}
		{B033AC07-53C2-4F0B-B6B1-812EB7D36CCC} = {8DE41EC4-BEFD-4837-B2B1-352A66ABDF75}
		{B41A356C-4BA6-40CC-AC03-0E5D46B0B981} = {B033AC07-53C2-4F0B-B6B1-812EB7D36CCC}
		{74327CCC-4606-40B8-9587-60E55B1D6A80} = {B033AC07-53C2-4F0B-B6B1-812EB7D36CCC}
		{A76E76EA-9C7F-4047-938A-3A7BA10EBC38} = {B033AC07-53C2-4F0B-B6B1-812EB7D36CCC}
		{5C8D1DC3-E851-4B67-A430-A8D14FA35D46} = {B033AC07-53C2-4F0B-B6B1-812EB7D36CCC}
	EndGlobalSection
	GlobalSection(SharedMSBuildProjectFiles) = preSolution
		SadConsole.Controls\SadConsole.Controls.projitems*{46f11907-cef3-4069-b041-0a88880981e6}*SharedItemsImports = 4
		SadConsole.Core\SadConsole.Core.projitems*{9e8424e8-efd3-4158-b49e-feccd7509a7f}*SharedItemsImports = 4
		SadConsole.Ansi\SadConsole.Ansi.projitems*{5fe599b4-4b47-46e7-931b-b01c2cae40d4}*SharedItemsImports = 13
		SadConsole.GameHelpers\SadConsole.GameHelpers.projitems*{1dd230c6-ddb8-47be-90a4-2025a3b0036f}*SharedItemsImports = 4
		SadConsole.Ansi\SadConsole.Ansi.projitems*{2afd92f2-e334-4f97-b1bf-292c15a6eb42}*SharedItemsImports = 4
		StarterProject\StarterProject.projitems*{b41a356c-4ba6-40cc-ac03-0e5d46b0b981}*SharedItemsImports = 13
		StarterProject\StarterProject.projitems*{a76e76ea-9c7f-4047-938a-3a7ba10ebc38}*SharedItemsImports = 4
		SadConsole.Core\SadConsole.Core.projitems*{bddf43cd-1bde-472a-a3d9-a003a6bf14d9}*SharedItemsImports = 13
		SadConsole.Controls\SadConsole.Controls.projitems*{25c2dbd3-8ac1-4163-a29a-a7f756fa4a5f}*SharedItemsImports = 13
		SadConsole.GameHelpers\SadConsole.GameHelpers.projitems*{a88eca1c-08f5-40d9-af89-af59ba98e287}*SharedItemsImports = 4
		SadConsole.GameHelpers\SadConsole.GameHelpers.projitems*{00cc441c-44bb-4b15-babd-6831b65c31d8}*SharedItemsImports = 13
		SadConsole.Core\SadConsole.Core.projitems*{76e3a634-c04f-486f-93a1-80d9fb2615fb}*SharedItemsImports = 4
		SadConsole.Controls\SadConsole.Controls.projitems*{d826c81f-f04f-4a33-9ae3-1fd5b96dc542}*SharedItemsImports = 4
		StarterProject\StarterProject.projitems*{04183580-f4df-427d-b6e7-ca7c673f9c90}*SharedItemsImports = 4
		StarterProject\StarterProject.projitems*{74327ccc-4606-40b8-9587-60e55b1d6a80}*SharedItemsImports = 4
		SadConsole.Ansi\SadConsole.Ansi.projitems*{55695088-7d09-4704-9d0c-7c69e0de6d47}*SharedItemsImports = 4
		SadConsole.GameHelpers\SadConsole.GameHelpers.projitems*{d348c254-ab16-4b48-9f61-2ffee51dfd4a}*SharedItemsImports = 4
		SadConsole.Ansi\SadConsole.Ansi.projitems*{783de48a-176d-48d8-bdff-1ce7a8576cb3}*SharedItemsImports = 4
		SadConsole.Controls\SadConsole.Controls.projitems*{c71ca649-b179-4c98-b93e-03fcbe8e827b}*SharedItemsImports = 4
		SadConsole.Core\SadConsole.Core.projitems*{5caff19f-1b1d-4d71-a413-3ad4c5824459}*SharedItemsImports = 4
	EndGlobalSection
	GlobalSection(SolutionProperties) = preSolution
		HideSolutionNode = FALSE
	EndGlobalSection
EndGlobal
