
Microsoft Visual Studio Solution File, Format Version 12.00
# Visual Studio Version 18
VisualStudioVersion = 18.0.11205.157 d18.0
MinimumVisualStudioVersion = 10.0.40219.1
Project("{9A19103F-16F7-4668-BE54-9A1E7A4F7556}") = "SadConsole", "SadConsole\SadConsole.csproj", "{47532D92-BB78-493A-A693-CC3687F609F6}"
EndProject
Project("{9A19103F-16F7-4668-BE54-9A1E7A4F7556}") = "SadConsole.Extended", "SadConsole.Extended\SadConsole.Extended.csproj", "{33F13C14-A4E4-467A-BBBC-14A0F7408E77}"
EndProject
Project("{FAE04EC0-301F-11D3-BF4B-00C04F79EFBC}") = "SadConsole.Host.KNI", "SadConsole.Host.KNI\SadConsole.Host.KNI.csproj", "{D1FF5D51-C6FB-735E-8F8B-A5B097FDD8C8}"
EndProject
Project("{D954291E-2A0B-460D-934E-DC6B0785DB48}") = "SadConsole.Host.Shared", "SadConsole.Host.Shared\SadConsole.Host.Shared.shproj", "{595434C5-2192-495B-903C-7922D7E8B149}"
EndProject
Project("{FAE04EC0-301F-11D3-BF4B-00C04F79EFBC}") = "KniTesting", "Samples\KniTesting\KniTesting.csproj", "{538B0F8B-D5DC-9F7C-FE56-743A91D27CE0}"
EndProject
Global
	GlobalSection(SolutionConfigurationPlatforms) = preSolution
		Debug|Any CPU = Debug|Any CPU
		Release|Any CPU = Release|Any CPU
	EndGlobalSection
	GlobalSection(ProjectConfigurationPlatforms) = postSolution
		{47532D92-BB78-493A-A693-CC3687F609F6}.Debug|Any CPU.ActiveCfg = Debug|Any CPU
		{47532D92-BB78-493A-A693-CC3687F609F6}.Debug|Any CPU.Build.0 = Debug|Any CPU
		{47532D92-BB78-493A-A693-CC3687F609F6}.Release|Any CPU.ActiveCfg = Release|Any CPU
		{47532D92-BB78-493A-A693-CC3687F609F6}.Release|Any CPU.Build.0 = Release|Any CPU
		{33F13C14-A4E4-467A-BBBC-14A0F7408E77}.Debug|Any CPU.ActiveCfg = Debug|Any CPU
		{33F13C14-A4E4-467A-BBBC-14A0F7408E77}.Debug|Any CPU.Build.0 = Debug|Any CPU
		{33F13C14-A4E4-467A-BBBC-14A0F7408E77}.Release|Any CPU.ActiveCfg = Release|Any CPU
		{33F13C14-A4E4-467A-BBBC-14A0F7408E77}.Release|Any CPU.Build.0 = Release|Any CPU
		{D1FF5D51-C6FB-735E-8F8B-A5B097FDD8C8}.Debug|Any CPU.ActiveCfg = Debug|Any CPU
		{D1FF5D51-C6FB-735E-8F8B-A5B097FDD8C8}.Debug|Any CPU.Build.0 = Debug|Any CPU
		{D1FF5D51-C6FB-735E-8F8B-A5B097FDD8C8}.Release|Any CPU.ActiveCfg = Release|Any CPU
		{D1FF5D51-C6FB-735E-8F8B-A5B097FDD8C8}.Release|Any CPU.Build.0 = Release|Any CPU
		{538B0F8B-D5DC-9F7C-FE56-743A91D27CE0}.Debug|Any CPU.ActiveCfg = Debug|Any CPU
		{538B0F8B-D5DC-9F7C-FE56-743A91D27CE0}.Debug|Any CPU.Build.0 = Debug|Any CPU
		{538B0F8B-D5DC-9F7C-FE56-743A91D27CE0}.Release|Any CPU.ActiveCfg = Release|Any CPU
		{538B0F8B-D5DC-9F7C-FE56-743A91D27CE0}.Release|Any CPU.Build.0 = Release|Any CPU
	EndGlobalSection
	GlobalSection(SolutionProperties) = preSolution
		HideSolutionNode = FALSE
	EndGlobalSection
	GlobalSection(ExtensibilityGlobals) = postSolution
		SolutionGuid = {55A32531-B44C-4843-9FC5-052AAE7525A3}
	EndGlobalSection
	GlobalSection(SharedMSBuildProjectFiles) = preSolution
		SadConsole.Host.Shared\SadConsole.Host.Shared.projitems*{595434c5-2192-495b-903c-7922d7e8b149}*SharedItemsImports = 13
		SadConsole.Host.Shared\SadConsole.Host.Shared.projitems*{d1ff5d51-c6fb-735e-8f8b-a5b097fdd8c8}*SharedItemsImports = 5
	EndGlobalSection
EndGlobal
