
Microsoft Visual Studio Solution File, Format Version 12.00
# Visual Studio Version 16
VisualStudioVersion = 16.0.29021.251
MinimumVisualStudioVersion = 10.0.40219.1
Project("{9A19103F-16F7-4668-BE54-9A1E7A4F7556}") = "SadConsoleEditor", "Editor\Editor\SadConsoleEditor.csproj", "{831FB455-4DB5-4563-9B22-927AA11261A4}"
	ProjectSection(ProjectDependencies) = postProject
		{EDA2FF61-4601-4AE1-A0F7-86D578553F5A} = {EDA2FF61-4601-4AE1-A0F7-86D578553F5A}
		{B8237BCA-47EE-4DD2-BD1F-BD386C1CD53F} = {B8237BCA-47EE-4DD2-BD1F-BD386C1CD53F}
	EndProjectSection
EndProject
Project("{9A19103F-16F7-4668-BE54-9A1E7A4F7556}") = "BasePlugin", "Editor\BasePlugin\BasePlugin.csproj", "{EDA2FF61-4601-4AE1-A0F7-86D578553F5A}"
EndProject
Project("{9A19103F-16F7-4668-BE54-9A1E7A4F7556}") = "EntityPlugin", "Editor\EntityPlugin\EntityPlugin.csproj", "{B8237BCA-47EE-4DD2-BD1F-BD386C1CD53F}"
EndProject
Project("{2150E333-8FDC-42A3-9474-1A3956D46DE8}") = "SadConsole Projects", "SadConsole Projects", "{0C3D429D-C30E-4443-8F08-1F0062262C3F}"
EndProject
Project("{9A19103F-16F7-4668-BE54-9A1E7A4F7556}") = "SadConsole.Host.SFML", "SadConsole.Host.SFML\SadConsole.Host.SFML.csproj", "{70D8B42B-8379-4C0A-8264-473FCE8E6CC8}"
EndProject
Project("{9A19103F-16F7-4668-BE54-9A1E7A4F7556}") = "SadConsole", "SadConsole\SadConsole.csproj", "{8610519E-609E-4B7D-B221-B97E1D3C0E3D}"
EndProject
Project("{9A19103F-16F7-4668-BE54-9A1E7A4F7556}") = "SadConsole.Host.MonoGame", "SadConsole.Host.MonoGame\SadConsole.Host.MonoGame.csproj", "{2CA6F913-1F91-488B-9F1C-57D272CDA381}"
EndProject
Global
	GlobalSection(SolutionConfigurationPlatforms) = preSolution
		Debug|Any CPU = Debug|Any CPU
		Release|Any CPU = Release|Any CPU
	EndGlobalSection
	GlobalSection(ProjectConfigurationPlatforms) = postSolution
		{831FB455-4DB5-4563-9B22-927AA11261A4}.Debug|Any CPU.ActiveCfg = Debug|Any CPU
		{831FB455-4DB5-4563-9B22-927AA11261A4}.Debug|Any CPU.Build.0 = Debug|Any CPU
		{831FB455-4DB5-4563-9B22-927AA11261A4}.Release|Any CPU.ActiveCfg = Debug|Any CPU
		{831FB455-4DB5-4563-9B22-927AA11261A4}.Release|Any CPU.Build.0 = Debug|Any CPU
		{EDA2FF61-4601-4AE1-A0F7-86D578553F5A}.Debug|Any CPU.ActiveCfg = Debug|Any CPU
		{EDA2FF61-4601-4AE1-A0F7-86D578553F5A}.Debug|Any CPU.Build.0 = Debug|Any CPU
		{EDA2FF61-4601-4AE1-A0F7-86D578553F5A}.Release|Any CPU.ActiveCfg = Debug|Any CPU
		{EDA2FF61-4601-4AE1-A0F7-86D578553F5A}.Release|Any CPU.Build.0 = Debug|Any CPU
		{B8237BCA-47EE-4DD2-BD1F-BD386C1CD53F}.Debug|Any CPU.ActiveCfg = Debug|Any CPU
		{B8237BCA-47EE-4DD2-BD1F-BD386C1CD53F}.Debug|Any CPU.Build.0 = Debug|Any CPU
		{B8237BCA-47EE-4DD2-BD1F-BD386C1CD53F}.Release|Any CPU.ActiveCfg = Release|Any CPU
		{B8237BCA-47EE-4DD2-BD1F-BD386C1CD53F}.Release|Any CPU.Build.0 = Release|Any CPU
		{70D8B42B-8379-4C0A-8264-473FCE8E6CC8}.Debug|Any CPU.ActiveCfg = Debug|Any CPU
		{70D8B42B-8379-4C0A-8264-473FCE8E6CC8}.Debug|Any CPU.Build.0 = Debug|Any CPU
		{70D8B42B-8379-4C0A-8264-473FCE8E6CC8}.Release|Any CPU.ActiveCfg = Release|Any CPU
		{70D8B42B-8379-4C0A-8264-473FCE8E6CC8}.Release|Any CPU.Build.0 = Release|Any CPU
		{8610519E-609E-4B7D-B221-B97E1D3C0E3D}.Debug|Any CPU.ActiveCfg = Debug|Any CPU
		{8610519E-609E-4B7D-B221-B97E1D3C0E3D}.Debug|Any CPU.Build.0 = Debug|Any CPU
		{8610519E-609E-4B7D-B221-B97E1D3C0E3D}.Release|Any CPU.ActiveCfg = Release|Any CPU
		{8610519E-609E-4B7D-B221-B97E1D3C0E3D}.Release|Any CPU.Build.0 = Release|Any CPU
		{2CA6F913-1F91-488B-9F1C-57D272CDA381}.Debug|Any CPU.ActiveCfg = Debug|Any CPU
		{2CA6F913-1F91-488B-9F1C-57D272CDA381}.Debug|Any CPU.Build.0 = Debug|Any CPU
		{2CA6F913-1F91-488B-9F1C-57D272CDA381}.Release|Any CPU.ActiveCfg = Release|Any CPU
		{2CA6F913-1F91-488B-9F1C-57D272CDA381}.Release|Any CPU.Build.0 = Release|Any CPU
	EndGlobalSection
	GlobalSection(SolutionProperties) = preSolution
		HideSolutionNode = FALSE
	EndGlobalSection
	GlobalSection(NestedProjects) = preSolution
		{70D8B42B-8379-4C0A-8264-473FCE8E6CC8} = {0C3D429D-C30E-4443-8F08-1F0062262C3F}
		{8610519E-609E-4B7D-B221-B97E1D3C0E3D} = {0C3D429D-C30E-4443-8F08-1F0062262C3F}
		{2CA6F913-1F91-488B-9F1C-57D272CDA381} = {0C3D429D-C30E-4443-8F08-1F0062262C3F}
	EndGlobalSection
	GlobalSection(ExtensibilityGlobals) = postSolution
		SolutionGuid = {76595534-D136-4AE8-8A18-B8187DDB178C}
	EndGlobalSection
EndGlobal
