
Microsoft Visual Studio Solution File, Format Version 12.00
# Visual Studio 15
VisualStudioVersion = 15.0.28010.2016
MinimumVisualStudioVersion = 10.0.40219.1
Project("{FAE04EC0-301F-11D3-BF4B-00C04F79EFBC}") = "BasicTutorial", "BasicTutorial.csproj", "{958E874B-1643-472B-BF6E-38BE5291B7B3}"
EndProject
Project("{FAE04EC0-301F-11D3-BF4B-00C04F79EFBC}") = "SadConsole.GoRogue", "..\SadConsole.GoRogue\SadConsole.GoRogue.csproj", "{43F5A8F0-7FAE-4B8A-A90B-9B21A3DA0969}"
EndProject
Global
	GlobalSection(SolutionConfigurationPlatforms) = preSolution
		Debug|Any CPU = Debug|Any CPU
		Release|Any CPU = Release|Any CPU
	EndGlobalSection
	GlobalSection(ProjectConfigurationPlatforms) = postSolution
		{958E874B-1643-472B-BF6E-38BE5291B7B3}.Debug|Any CPU.ActiveCfg = Debug|Any CPU
		{958E874B-1643-472B-BF6E-38BE5291B7B3}.Debug|Any CPU.Build.0 = Debug|Any CPU
		{958E874B-1643-472B-BF6E-38BE5291B7B3}.Release|Any CPU.ActiveCfg = Release|Any CPU
		{958E874B-1643-472B-BF6E-38BE5291B7B3}.Release|Any CPU.Build.0 = Release|Any CPU
		{43F5A8F0-7FAE-4B8A-A90B-9B21A3DA0969}.Debug|Any CPU.ActiveCfg = Debug|Any CPU
		{43F5A8F0-7FAE-4B8A-A90B-9B21A3DA0969}.Debug|Any CPU.Build.0 = Debug|Any CPU
		{43F5A8F0-7FAE-4B8A-A90B-9B21A3DA0969}.Release|Any CPU.ActiveCfg = Release|Any CPU
		{43F5A8F0-7FAE-4B8A-A90B-9B21A3DA0969}.Release|Any CPU.Build.0 = Release|Any CPU
	EndGlobalSection
	GlobalSection(SolutionProperties) = preSolution
		HideSolutionNode = FALSE
	EndGlobalSection
	GlobalSection(ExtensibilityGlobals) = postSolution
		SolutionGuid = {7185D7E1-7A59-4516-977B-61BE1691D9C2}
	EndGlobalSection
EndGlobal
